
Microsoft Visual Studio Solution File, Format Version 12.00
# Visual Studio 15
VisualStudioVersion = 15.0.27004.2005
MinimumVisualStudioVersion = 10.0.40219.1
Project("{FAE04EC0-301F-11D3-BF4B-00C04F79EFBC}") = "ConsoleApp4", "ConsoleApp4\ConsoleApp4.csproj", "{3854D42C-FBB7-4AA0-840D-89E2E6997DB5}"
EndProject
Project("{9A19103F-16F7-4668-BE54-9A1E7A4F7556}") = "Campy.Utils", "Campy.Utils\Campy.Utils.csproj", "{ED3C7742-647C-44F9-B64B-29866044A54A}"
EndProject
Project("{9A19103F-16F7-4668-BE54-9A1E7A4F7556}") = "Campy.Graphs", "Campy.Graphs\Campy.Graphs.csproj", "{A71CE04F-F0D2-46E0-BAE8-06CF1EA50F96}"
EndProject
Project("{9A19103F-16F7-4668-BE54-9A1E7A4F7556}") = "Campy.Compiler", "Campy.Compiler\Campy.Compiler.csproj", "{CED2299A-4F97-4FB7-BFA8-A61B50E9986D}"
EndProject
Project("{FAE04EC0-301F-11D3-BF4B-00C04F79EFBC}") = "Campy", "Campy\Campy.csproj", "{453ABA79-5380-48A0-8C93-53A814977448}"
EndProject
Project("{FAE04EC0-301F-11D3-BF4B-00C04F79EFBC}") = "IntArraySet", "IntArraySet\IntArraySet.csproj", "{AE7F1BCF-AAC1-46B3-B610-C8D02A9C0CCB}"
EndProject
Project("{FAE04EC0-301F-11D3-BF4B-00C04F79EFBC}") = "IntListSet", "IntListSet\IntListSet.csproj", "{9B2094D4-90AB-477F-8F90-06B2F635A9B3}"
EndProject
Project("{FAE04EC0-301F-11D3-BF4B-00C04F79EFBC}") = "IntArrayGetSet", "IntArrayGetSet\IntArrayGetSet.csproj", "{478C99C1-FCA5-40D6-BBE2-A3FDD33CC686}"
EndProject
Project("{FAE04EC0-301F-11D3-BF4B-00C04F79EFBC}") = "IntListGetSet", "IntListGetSet\IntListGetSet.csproj", "{8BDCF7C4-4592-4CD5-BAF5-6D6E00DE86A8}"
EndProject
Project("{2150E333-8FDC-42A3-9474-1A3956D46DE8}") = "Tests", "Tests", "{FD8F0C87-ED6C-498A-BE3A-B3B7F5B035C6}"
EndProject
Project("{FAE04EC0-301F-11D3-BF4B-00C04F79EFBC}") = "ArrayTypesGetSet", "ArrayTypesGetSet\ArrayTypesGetSet.csproj", "{B469EEBE-008C-4C95-A926-2E3BAF7E1996}"
EndProject
Project("{FAE04EC0-301F-11D3-BF4B-00C04F79EFBC}") = "ArrayLengthUse", "ArrayLengthUse\ArrayLengthUse.csproj", "{F7CD5EC0-F5DD-404A-A23D-57AF20013063}"
EndProject
Project("{FAE04EC0-301F-11D3-BF4B-00C04F79EFBC}") = "JaggedArray", "JaggedArray\JaggedArray.csproj", "{E17F0F7C-E4FC-47BA-B40E-B9C986EF49B2}"
EndProject
Project("{FAE04EC0-301F-11D3-BF4B-00C04F79EFBC}") = "ListsGaloreBasic", "ListsGaloreBasic\ListsGaloreBasic.csproj", "{A4C83020-D57E-4227-8157-78138AB60D4C}"
EndProject
Project("{FAE04EC0-301F-11D3-BF4B-00C04F79EFBC}") = "IfThenElse", "IfThenElse\IfThenElse.csproj", "{71E48989-C6B8-4EAD-B6E7-09F366A8C160}"
EndProject
Project("{FAE04EC0-301F-11D3-BF4B-00C04F79EFBC}") = "Saxpy", "Saxpy\Saxpy.csproj", "{B2696F37-6A57-485E-887B-89A81FDD32B4}"
EndProject
Project("{FAE04EC0-301F-11D3-BF4B-00C04F79EFBC}") = "JaggedArrayList", "JaggedArrayList\JaggedArrayList.csproj", "{158305F2-E21C-4AB2-A75E-DAE9A6F46379}"
EndProject
Project("{FAE04EC0-301F-11D3-BF4B-00C04F79EFBC}") = "TwoDimArrayInts", "TwoDimArrayInts\TwoDimArrayInts.csproj", "{AE3E525A-3EC3-432A-89BC-94BDFD802A1A}"
EndProject
Project("{FAE04EC0-301F-11D3-BF4B-00C04F79EFBC}") = "Reduction", "Reduction\Reduction.csproj", "{8048EE8D-2343-415D-B78B-824AE00B453C}"
EndProject
Project("{FAE04EC0-301F-11D3-BF4B-00C04F79EFBC}") = "FFT", "FFT\FFT.csproj", "{089D736A-C969-4649-82A7-01C0B1AAADE3}"
EndProject
Project("{FAE04EC0-301F-11D3-BF4B-00C04F79EFBC}") = "MultiDimensionalArrays", "MultiDimensionalArrays\MultiDimensionalArrays.csproj", "{C037A145-2BCC-4805-9A48-AD4B34C04A10}"
EndProject
Global
	GlobalSection(SolutionConfigurationPlatforms) = preSolution
		Debug|Any CPU = Debug|Any CPU
		Debug|x64 = Debug|x64
		Debug|x86 = Debug|x86
		Release|Any CPU = Release|Any CPU
		Release|x64 = Release|x64
		Release|x86 = Release|x86
	EndGlobalSection
	GlobalSection(ProjectConfigurationPlatforms) = postSolution
		{3854D42C-FBB7-4AA0-840D-89E2E6997DB5}.Debug|Any CPU.ActiveCfg = Debug|Any CPU
		{3854D42C-FBB7-4AA0-840D-89E2E6997DB5}.Debug|Any CPU.Build.0 = Debug|Any CPU
		{3854D42C-FBB7-4AA0-840D-89E2E6997DB5}.Debug|x64.ActiveCfg = Debug|x64
		{3854D42C-FBB7-4AA0-840D-89E2E6997DB5}.Debug|x64.Build.0 = Debug|x64
		{3854D42C-FBB7-4AA0-840D-89E2E6997DB5}.Debug|x86.ActiveCfg = Debug|Any CPU
		{3854D42C-FBB7-4AA0-840D-89E2E6997DB5}.Debug|x86.Build.0 = Debug|Any CPU
		{3854D42C-FBB7-4AA0-840D-89E2E6997DB5}.Release|Any CPU.ActiveCfg = Release|Any CPU
		{3854D42C-FBB7-4AA0-840D-89E2E6997DB5}.Release|Any CPU.Build.0 = Release|Any CPU
		{3854D42C-FBB7-4AA0-840D-89E2E6997DB5}.Release|x64.ActiveCfg = Release|x64
		{3854D42C-FBB7-4AA0-840D-89E2E6997DB5}.Release|x64.Build.0 = Release|x64
		{3854D42C-FBB7-4AA0-840D-89E2E6997DB5}.Release|x86.ActiveCfg = Release|Any CPU
		{3854D42C-FBB7-4AA0-840D-89E2E6997DB5}.Release|x86.Build.0 = Release|Any CPU
		{ED3C7742-647C-44F9-B64B-29866044A54A}.Debug|Any CPU.ActiveCfg = Debug|Any CPU
		{ED3C7742-647C-44F9-B64B-29866044A54A}.Debug|Any CPU.Build.0 = Debug|Any CPU
		{ED3C7742-647C-44F9-B64B-29866044A54A}.Debug|x64.ActiveCfg = Debug|Any CPU
		{ED3C7742-647C-44F9-B64B-29866044A54A}.Debug|x64.Build.0 = Debug|Any CPU
		{ED3C7742-647C-44F9-B64B-29866044A54A}.Debug|x86.ActiveCfg = Debug|Any CPU
		{ED3C7742-647C-44F9-B64B-29866044A54A}.Debug|x86.Build.0 = Debug|Any CPU
		{ED3C7742-647C-44F9-B64B-29866044A54A}.Release|Any CPU.ActiveCfg = Release|Any CPU
		{ED3C7742-647C-44F9-B64B-29866044A54A}.Release|Any CPU.Build.0 = Release|Any CPU
		{ED3C7742-647C-44F9-B64B-29866044A54A}.Release|x64.ActiveCfg = Release|Any CPU
		{ED3C7742-647C-44F9-B64B-29866044A54A}.Release|x64.Build.0 = Release|Any CPU
		{ED3C7742-647C-44F9-B64B-29866044A54A}.Release|x86.ActiveCfg = Release|Any CPU
		{ED3C7742-647C-44F9-B64B-29866044A54A}.Release|x86.Build.0 = Release|Any CPU
		{A71CE04F-F0D2-46E0-BAE8-06CF1EA50F96}.Debug|Any CPU.ActiveCfg = Debug|Any CPU
		{A71CE04F-F0D2-46E0-BAE8-06CF1EA50F96}.Debug|Any CPU.Build.0 = Debug|Any CPU
		{A71CE04F-F0D2-46E0-BAE8-06CF1EA50F96}.Debug|x64.ActiveCfg = Debug|Any CPU
		{A71CE04F-F0D2-46E0-BAE8-06CF1EA50F96}.Debug|x64.Build.0 = Debug|Any CPU
		{A71CE04F-F0D2-46E0-BAE8-06CF1EA50F96}.Debug|x86.ActiveCfg = Debug|Any CPU
		{A71CE04F-F0D2-46E0-BAE8-06CF1EA50F96}.Debug|x86.Build.0 = Debug|Any CPU
		{A71CE04F-F0D2-46E0-BAE8-06CF1EA50F96}.Release|Any CPU.ActiveCfg = Release|Any CPU
		{A71CE04F-F0D2-46E0-BAE8-06CF1EA50F96}.Release|Any CPU.Build.0 = Release|Any CPU
		{A71CE04F-F0D2-46E0-BAE8-06CF1EA50F96}.Release|x64.ActiveCfg = Release|Any CPU
		{A71CE04F-F0D2-46E0-BAE8-06CF1EA50F96}.Release|x64.Build.0 = Release|Any CPU
		{A71CE04F-F0D2-46E0-BAE8-06CF1EA50F96}.Release|x86.ActiveCfg = Release|Any CPU
		{A71CE04F-F0D2-46E0-BAE8-06CF1EA50F96}.Release|x86.Build.0 = Release|Any CPU
		{CED2299A-4F97-4FB7-BFA8-A61B50E9986D}.Debug|Any CPU.ActiveCfg = Debug|Any CPU
		{CED2299A-4F97-4FB7-BFA8-A61B50E9986D}.Debug|Any CPU.Build.0 = Debug|Any CPU
		{CED2299A-4F97-4FB7-BFA8-A61B50E9986D}.Debug|x64.ActiveCfg = Debug|Any CPU
		{CED2299A-4F97-4FB7-BFA8-A61B50E9986D}.Debug|x64.Build.0 = Debug|Any CPU
		{CED2299A-4F97-4FB7-BFA8-A61B50E9986D}.Debug|x86.ActiveCfg = Debug|Any CPU
		{CED2299A-4F97-4FB7-BFA8-A61B50E9986D}.Debug|x86.Build.0 = Debug|Any CPU
		{CED2299A-4F97-4FB7-BFA8-A61B50E9986D}.Release|Any CPU.ActiveCfg = Release|Any CPU
		{CED2299A-4F97-4FB7-BFA8-A61B50E9986D}.Release|Any CPU.Build.0 = Release|Any CPU
		{CED2299A-4F97-4FB7-BFA8-A61B50E9986D}.Release|x64.ActiveCfg = Release|Any CPU
		{CED2299A-4F97-4FB7-BFA8-A61B50E9986D}.Release|x64.Build.0 = Release|Any CPU
		{CED2299A-4F97-4FB7-BFA8-A61B50E9986D}.Release|x86.ActiveCfg = Release|Any CPU
		{CED2299A-4F97-4FB7-BFA8-A61B50E9986D}.Release|x86.Build.0 = Release|Any CPU
		{453ABA79-5380-48A0-8C93-53A814977448}.Debug|Any CPU.ActiveCfg = Debug|Any CPU
		{453ABA79-5380-48A0-8C93-53A814977448}.Debug|Any CPU.Build.0 = Debug|Any CPU
		{453ABA79-5380-48A0-8C93-53A814977448}.Debug|x64.ActiveCfg = Debug|Any CPU
		{453ABA79-5380-48A0-8C93-53A814977448}.Debug|x64.Build.0 = Debug|Any CPU
		{453ABA79-5380-48A0-8C93-53A814977448}.Debug|x86.ActiveCfg = Debug|Any CPU
		{453ABA79-5380-48A0-8C93-53A814977448}.Debug|x86.Build.0 = Debug|Any CPU
		{453ABA79-5380-48A0-8C93-53A814977448}.Release|Any CPU.ActiveCfg = Release|Any CPU
		{453ABA79-5380-48A0-8C93-53A814977448}.Release|Any CPU.Build.0 = Release|Any CPU
		{453ABA79-5380-48A0-8C93-53A814977448}.Release|x64.ActiveCfg = Release|Any CPU
		{453ABA79-5380-48A0-8C93-53A814977448}.Release|x64.Build.0 = Release|Any CPU
		{453ABA79-5380-48A0-8C93-53A814977448}.Release|x86.ActiveCfg = Release|Any CPU
		{453ABA79-5380-48A0-8C93-53A814977448}.Release|x86.Build.0 = Release|Any CPU
		{AE7F1BCF-AAC1-46B3-B610-C8D02A9C0CCB}.Debug|Any CPU.ActiveCfg = Debug|Any CPU
		{AE7F1BCF-AAC1-46B3-B610-C8D02A9C0CCB}.Debug|Any CPU.Build.0 = Debug|Any CPU
		{AE7F1BCF-AAC1-46B3-B610-C8D02A9C0CCB}.Debug|x64.ActiveCfg = Debug|Any CPU
		{AE7F1BCF-AAC1-46B3-B610-C8D02A9C0CCB}.Debug|x64.Build.0 = Debug|Any CPU
		{AE7F1BCF-AAC1-46B3-B610-C8D02A9C0CCB}.Debug|x86.ActiveCfg = Debug|Any CPU
		{AE7F1BCF-AAC1-46B3-B610-C8D02A9C0CCB}.Debug|x86.Build.0 = Debug|Any CPU
		{AE7F1BCF-AAC1-46B3-B610-C8D02A9C0CCB}.Release|Any CPU.ActiveCfg = Release|Any CPU
		{AE7F1BCF-AAC1-46B3-B610-C8D02A9C0CCB}.Release|Any CPU.Build.0 = Release|Any CPU
		{AE7F1BCF-AAC1-46B3-B610-C8D02A9C0CCB}.Release|x64.ActiveCfg = Release|Any CPU
		{AE7F1BCF-AAC1-46B3-B610-C8D02A9C0CCB}.Release|x64.Build.0 = Release|Any CPU
		{AE7F1BCF-AAC1-46B3-B610-C8D02A9C0CCB}.Release|x86.ActiveCfg = Release|Any CPU
		{AE7F1BCF-AAC1-46B3-B610-C8D02A9C0CCB}.Release|x86.Build.0 = Release|Any CPU
		{9B2094D4-90AB-477F-8F90-06B2F635A9B3}.Debug|Any CPU.ActiveCfg = Debug|Any CPU
		{9B2094D4-90AB-477F-8F90-06B2F635A9B3}.Debug|Any CPU.Build.0 = Debug|Any CPU
		{9B2094D4-90AB-477F-8F90-06B2F635A9B3}.Debug|x64.ActiveCfg = Debug|Any CPU
		{9B2094D4-90AB-477F-8F90-06B2F635A9B3}.Debug|x64.Build.0 = Debug|Any CPU
		{9B2094D4-90AB-477F-8F90-06B2F635A9B3}.Debug|x86.ActiveCfg = Debug|Any CPU
		{9B2094D4-90AB-477F-8F90-06B2F635A9B3}.Debug|x86.Build.0 = Debug|Any CPU
		{9B2094D4-90AB-477F-8F90-06B2F635A9B3}.Release|Any CPU.ActiveCfg = Release|Any CPU
		{9B2094D4-90AB-477F-8F90-06B2F635A9B3}.Release|Any CPU.Build.0 = Release|Any CPU
		{9B2094D4-90AB-477F-8F90-06B2F635A9B3}.Release|x64.ActiveCfg = Release|Any CPU
		{9B2094D4-90AB-477F-8F90-06B2F635A9B3}.Release|x64.Build.0 = Release|Any CPU
		{9B2094D4-90AB-477F-8F90-06B2F635A9B3}.Release|x86.ActiveCfg = Release|Any CPU
		{9B2094D4-90AB-477F-8F90-06B2F635A9B3}.Release|x86.Build.0 = Release|Any CPU
		{478C99C1-FCA5-40D6-BBE2-A3FDD33CC686}.Debug|Any CPU.ActiveCfg = Debug|Any CPU
		{478C99C1-FCA5-40D6-BBE2-A3FDD33CC686}.Debug|Any CPU.Build.0 = Debug|Any CPU
		{478C99C1-FCA5-40D6-BBE2-A3FDD33CC686}.Debug|x64.ActiveCfg = Debug|Any CPU
		{478C99C1-FCA5-40D6-BBE2-A3FDD33CC686}.Debug|x64.Build.0 = Debug|Any CPU
		{478C99C1-FCA5-40D6-BBE2-A3FDD33CC686}.Debug|x86.ActiveCfg = Debug|Any CPU
		{478C99C1-FCA5-40D6-BBE2-A3FDD33CC686}.Debug|x86.Build.0 = Debug|Any CPU
		{478C99C1-FCA5-40D6-BBE2-A3FDD33CC686}.Release|Any CPU.ActiveCfg = Release|Any CPU
		{478C99C1-FCA5-40D6-BBE2-A3FDD33CC686}.Release|Any CPU.Build.0 = Release|Any CPU
		{478C99C1-FCA5-40D6-BBE2-A3FDD33CC686}.Release|x64.ActiveCfg = Release|Any CPU
		{478C99C1-FCA5-40D6-BBE2-A3FDD33CC686}.Release|x64.Build.0 = Release|Any CPU
		{478C99C1-FCA5-40D6-BBE2-A3FDD33CC686}.Release|x86.ActiveCfg = Release|Any CPU
		{478C99C1-FCA5-40D6-BBE2-A3FDD33CC686}.Release|x86.Build.0 = Release|Any CPU
		{8BDCF7C4-4592-4CD5-BAF5-6D6E00DE86A8}.Debug|Any CPU.ActiveCfg = Debug|Any CPU
		{8BDCF7C4-4592-4CD5-BAF5-6D6E00DE86A8}.Debug|Any CPU.Build.0 = Debug|Any CPU
		{8BDCF7C4-4592-4CD5-BAF5-6D6E00DE86A8}.Debug|x64.ActiveCfg = Debug|Any CPU
		{8BDCF7C4-4592-4CD5-BAF5-6D6E00DE86A8}.Debug|x64.Build.0 = Debug|Any CPU
		{8BDCF7C4-4592-4CD5-BAF5-6D6E00DE86A8}.Debug|x86.ActiveCfg = Debug|Any CPU
		{8BDCF7C4-4592-4CD5-BAF5-6D6E00DE86A8}.Debug|x86.Build.0 = Debug|Any CPU
		{8BDCF7C4-4592-4CD5-BAF5-6D6E00DE86A8}.Release|Any CPU.ActiveCfg = Release|Any CPU
		{8BDCF7C4-4592-4CD5-BAF5-6D6E00DE86A8}.Release|Any CPU.Build.0 = Release|Any CPU
		{8BDCF7C4-4592-4CD5-BAF5-6D6E00DE86A8}.Release|x64.ActiveCfg = Release|Any CPU
		{8BDCF7C4-4592-4CD5-BAF5-6D6E00DE86A8}.Release|x64.Build.0 = Release|Any CPU
		{8BDCF7C4-4592-4CD5-BAF5-6D6E00DE86A8}.Release|x86.ActiveCfg = Release|Any CPU
		{8BDCF7C4-4592-4CD5-BAF5-6D6E00DE86A8}.Release|x86.Build.0 = Release|Any CPU
		{B469EEBE-008C-4C95-A926-2E3BAF7E1996}.Debug|Any CPU.ActiveCfg = Debug|Any CPU
		{B469EEBE-008C-4C95-A926-2E3BAF7E1996}.Debug|Any CPU.Build.0 = Debug|Any CPU
		{B469EEBE-008C-4C95-A926-2E3BAF7E1996}.Debug|x64.ActiveCfg = Debug|Any CPU
		{B469EEBE-008C-4C95-A926-2E3BAF7E1996}.Debug|x64.Build.0 = Debug|Any CPU
		{B469EEBE-008C-4C95-A926-2E3BAF7E1996}.Debug|x86.ActiveCfg = Debug|Any CPU
		{B469EEBE-008C-4C95-A926-2E3BAF7E1996}.Debug|x86.Build.0 = Debug|Any CPU
		{B469EEBE-008C-4C95-A926-2E3BAF7E1996}.Release|Any CPU.ActiveCfg = Release|Any CPU
		{B469EEBE-008C-4C95-A926-2E3BAF7E1996}.Release|Any CPU.Build.0 = Release|Any CPU
		{B469EEBE-008C-4C95-A926-2E3BAF7E1996}.Release|x64.ActiveCfg = Release|Any CPU
		{B469EEBE-008C-4C95-A926-2E3BAF7E1996}.Release|x64.Build.0 = Release|Any CPU
		{B469EEBE-008C-4C95-A926-2E3BAF7E1996}.Release|x86.ActiveCfg = Release|Any CPU
		{B469EEBE-008C-4C95-A926-2E3BAF7E1996}.Release|x86.Build.0 = Release|Any CPU
		{F7CD5EC0-F5DD-404A-A23D-57AF20013063}.Debug|Any CPU.ActiveCfg = Debug|Any CPU
		{F7CD5EC0-F5DD-404A-A23D-57AF20013063}.Debug|Any CPU.Build.0 = Debug|Any CPU
		{F7CD5EC0-F5DD-404A-A23D-57AF20013063}.Debug|x64.ActiveCfg = Debug|Any CPU
		{F7CD5EC0-F5DD-404A-A23D-57AF20013063}.Debug|x64.Build.0 = Debug|Any CPU
		{F7CD5EC0-F5DD-404A-A23D-57AF20013063}.Debug|x86.ActiveCfg = Debug|Any CPU
		{F7CD5EC0-F5DD-404A-A23D-57AF20013063}.Debug|x86.Build.0 = Debug|Any CPU
		{F7CD5EC0-F5DD-404A-A23D-57AF20013063}.Release|Any CPU.ActiveCfg = Release|Any CPU
		{F7CD5EC0-F5DD-404A-A23D-57AF20013063}.Release|Any CPU.Build.0 = Release|Any CPU
		{F7CD5EC0-F5DD-404A-A23D-57AF20013063}.Release|x64.ActiveCfg = Release|Any CPU
		{F7CD5EC0-F5DD-404A-A23D-57AF20013063}.Release|x64.Build.0 = Release|Any CPU
		{F7CD5EC0-F5DD-404A-A23D-57AF20013063}.Release|x86.ActiveCfg = Release|Any CPU
		{F7CD5EC0-F5DD-404A-A23D-57AF20013063}.Release|x86.Build.0 = Release|Any CPU
		{E17F0F7C-E4FC-47BA-B40E-B9C986EF49B2}.Debug|Any CPU.ActiveCfg = Debug|Any CPU
		{E17F0F7C-E4FC-47BA-B40E-B9C986EF49B2}.Debug|Any CPU.Build.0 = Debug|Any CPU
		{E17F0F7C-E4FC-47BA-B40E-B9C986EF49B2}.Debug|x64.ActiveCfg = Debug|Any CPU
		{E17F0F7C-E4FC-47BA-B40E-B9C986EF49B2}.Debug|x64.Build.0 = Debug|Any CPU
		{E17F0F7C-E4FC-47BA-B40E-B9C986EF49B2}.Debug|x86.ActiveCfg = Debug|Any CPU
		{E17F0F7C-E4FC-47BA-B40E-B9C986EF49B2}.Debug|x86.Build.0 = Debug|Any CPU
		{E17F0F7C-E4FC-47BA-B40E-B9C986EF49B2}.Release|Any CPU.ActiveCfg = Release|Any CPU
		{E17F0F7C-E4FC-47BA-B40E-B9C986EF49B2}.Release|Any CPU.Build.0 = Release|Any CPU
		{E17F0F7C-E4FC-47BA-B40E-B9C986EF49B2}.Release|x64.ActiveCfg = Release|Any CPU
		{E17F0F7C-E4FC-47BA-B40E-B9C986EF49B2}.Release|x64.Build.0 = Release|Any CPU
		{E17F0F7C-E4FC-47BA-B40E-B9C986EF49B2}.Release|x86.ActiveCfg = Release|Any CPU
		{E17F0F7C-E4FC-47BA-B40E-B9C986EF49B2}.Release|x86.Build.0 = Release|Any CPU
		{A4C83020-D57E-4227-8157-78138AB60D4C}.Debug|Any CPU.ActiveCfg = Debug|Any CPU
		{A4C83020-D57E-4227-8157-78138AB60D4C}.Debug|Any CPU.Build.0 = Debug|Any CPU
		{A4C83020-D57E-4227-8157-78138AB60D4C}.Debug|x64.ActiveCfg = Debug|Any CPU
		{A4C83020-D57E-4227-8157-78138AB60D4C}.Debug|x64.Build.0 = Debug|Any CPU
		{A4C83020-D57E-4227-8157-78138AB60D4C}.Debug|x86.ActiveCfg = Debug|Any CPU
		{A4C83020-D57E-4227-8157-78138AB60D4C}.Debug|x86.Build.0 = Debug|Any CPU
		{A4C83020-D57E-4227-8157-78138AB60D4C}.Release|Any CPU.ActiveCfg = Release|Any CPU
		{A4C83020-D57E-4227-8157-78138AB60D4C}.Release|Any CPU.Build.0 = Release|Any CPU
		{A4C83020-D57E-4227-8157-78138AB60D4C}.Release|x64.ActiveCfg = Release|Any CPU
		{A4C83020-D57E-4227-8157-78138AB60D4C}.Release|x64.Build.0 = Release|Any CPU
		{A4C83020-D57E-4227-8157-78138AB60D4C}.Release|x86.ActiveCfg = Release|Any CPU
		{A4C83020-D57E-4227-8157-78138AB60D4C}.Release|x86.Build.0 = Release|Any CPU
		{71E48989-C6B8-4EAD-B6E7-09F366A8C160}.Debug|Any CPU.ActiveCfg = Debug|Any CPU
		{71E48989-C6B8-4EAD-B6E7-09F366A8C160}.Debug|Any CPU.Build.0 = Debug|Any CPU
		{71E48989-C6B8-4EAD-B6E7-09F366A8C160}.Debug|x64.ActiveCfg = Debug|Any CPU
		{71E48989-C6B8-4EAD-B6E7-09F366A8C160}.Debug|x64.Build.0 = Debug|Any CPU
		{71E48989-C6B8-4EAD-B6E7-09F366A8C160}.Debug|x86.ActiveCfg = Debug|Any CPU
		{71E48989-C6B8-4EAD-B6E7-09F366A8C160}.Debug|x86.Build.0 = Debug|Any CPU
		{71E48989-C6B8-4EAD-B6E7-09F366A8C160}.Release|Any CPU.ActiveCfg = Release|Any CPU
		{71E48989-C6B8-4EAD-B6E7-09F366A8C160}.Release|Any CPU.Build.0 = Release|Any CPU
		{71E48989-C6B8-4EAD-B6E7-09F366A8C160}.Release|x64.ActiveCfg = Release|Any CPU
		{71E48989-C6B8-4EAD-B6E7-09F366A8C160}.Release|x64.Build.0 = Release|Any CPU
		{71E48989-C6B8-4EAD-B6E7-09F366A8C160}.Release|x86.ActiveCfg = Release|Any CPU
		{71E48989-C6B8-4EAD-B6E7-09F366A8C160}.Release|x86.Build.0 = Release|Any CPU
		{B2696F37-6A57-485E-887B-89A81FDD32B4}.Debug|Any CPU.ActiveCfg = Debug|Any CPU
		{B2696F37-6A57-485E-887B-89A81FDD32B4}.Debug|Any CPU.Build.0 = Debug|Any CPU
		{B2696F37-6A57-485E-887B-89A81FDD32B4}.Debug|x64.ActiveCfg = Debug|Any CPU
		{B2696F37-6A57-485E-887B-89A81FDD32B4}.Debug|x64.Build.0 = Debug|Any CPU
		{B2696F37-6A57-485E-887B-89A81FDD32B4}.Debug|x86.ActiveCfg = Debug|Any CPU
		{B2696F37-6A57-485E-887B-89A81FDD32B4}.Debug|x86.Build.0 = Debug|Any CPU
		{B2696F37-6A57-485E-887B-89A81FDD32B4}.Release|Any CPU.ActiveCfg = Release|Any CPU
		{B2696F37-6A57-485E-887B-89A81FDD32B4}.Release|Any CPU.Build.0 = Release|Any CPU
		{B2696F37-6A57-485E-887B-89A81FDD32B4}.Release|x64.ActiveCfg = Release|Any CPU
		{B2696F37-6A57-485E-887B-89A81FDD32B4}.Release|x64.Build.0 = Release|Any CPU
		{B2696F37-6A57-485E-887B-89A81FDD32B4}.Release|x86.ActiveCfg = Release|Any CPU
		{B2696F37-6A57-485E-887B-89A81FDD32B4}.Release|x86.Build.0 = Release|Any CPU
		{158305F2-E21C-4AB2-A75E-DAE9A6F46379}.Debug|Any CPU.ActiveCfg = Debug|Any CPU
		{158305F2-E21C-4AB2-A75E-DAE9A6F46379}.Debug|Any CPU.Build.0 = Debug|Any CPU
		{158305F2-E21C-4AB2-A75E-DAE9A6F46379}.Debug|x64.ActiveCfg = Debug|Any CPU
		{158305F2-E21C-4AB2-A75E-DAE9A6F46379}.Debug|x64.Build.0 = Debug|Any CPU
		{158305F2-E21C-4AB2-A75E-DAE9A6F46379}.Debug|x86.ActiveCfg = Debug|Any CPU
		{158305F2-E21C-4AB2-A75E-DAE9A6F46379}.Debug|x86.Build.0 = Debug|Any CPU
		{158305F2-E21C-4AB2-A75E-DAE9A6F46379}.Release|Any CPU.ActiveCfg = Release|Any CPU
		{158305F2-E21C-4AB2-A75E-DAE9A6F46379}.Release|Any CPU.Build.0 = Release|Any CPU
		{158305F2-E21C-4AB2-A75E-DAE9A6F46379}.Release|x64.ActiveCfg = Release|Any CPU
		{158305F2-E21C-4AB2-A75E-DAE9A6F46379}.Release|x64.Build.0 = Release|Any CPU
		{158305F2-E21C-4AB2-A75E-DAE9A6F46379}.Release|x86.ActiveCfg = Release|Any CPU
		{158305F2-E21C-4AB2-A75E-DAE9A6F46379}.Release|x86.Build.0 = Release|Any CPU
		{AE3E525A-3EC3-432A-89BC-94BDFD802A1A}.Debug|Any CPU.ActiveCfg = Debug|Any CPU
		{AE3E525A-3EC3-432A-89BC-94BDFD802A1A}.Debug|Any CPU.Build.0 = Debug|Any CPU
		{AE3E525A-3EC3-432A-89BC-94BDFD802A1A}.Debug|x64.ActiveCfg = Debug|Any CPU
		{AE3E525A-3EC3-432A-89BC-94BDFD802A1A}.Debug|x64.Build.0 = Debug|Any CPU
		{AE3E525A-3EC3-432A-89BC-94BDFD802A1A}.Debug|x86.ActiveCfg = Debug|Any CPU
		{AE3E525A-3EC3-432A-89BC-94BDFD802A1A}.Debug|x86.Build.0 = Debug|Any CPU
		{AE3E525A-3EC3-432A-89BC-94BDFD802A1A}.Release|Any CPU.ActiveCfg = Release|Any CPU
		{AE3E525A-3EC3-432A-89BC-94BDFD802A1A}.Release|Any CPU.Build.0 = Release|Any CPU
		{AE3E525A-3EC3-432A-89BC-94BDFD802A1A}.Release|x64.ActiveCfg = Release|Any CPU
		{AE3E525A-3EC3-432A-89BC-94BDFD802A1A}.Release|x64.Build.0 = Release|Any CPU
		{AE3E525A-3EC3-432A-89BC-94BDFD802A1A}.Release|x86.ActiveCfg = Release|Any CPU
		{AE3E525A-3EC3-432A-89BC-94BDFD802A1A}.Release|x86.Build.0 = Release|Any CPU
		{8048EE8D-2343-415D-B78B-824AE00B453C}.Debug|Any CPU.ActiveCfg = Debug|Any CPU
		{8048EE8D-2343-415D-B78B-824AE00B453C}.Debug|Any CPU.Build.0 = Debug|Any CPU
		{8048EE8D-2343-415D-B78B-824AE00B453C}.Debug|x64.ActiveCfg = Debug|Any CPU
		{8048EE8D-2343-415D-B78B-824AE00B453C}.Debug|x64.Build.0 = Debug|Any CPU
		{8048EE8D-2343-415D-B78B-824AE00B453C}.Debug|x86.ActiveCfg = Debug|Any CPU
		{8048EE8D-2343-415D-B78B-824AE00B453C}.Debug|x86.Build.0 = Debug|Any CPU
		{8048EE8D-2343-415D-B78B-824AE00B453C}.Release|Any CPU.ActiveCfg = Release|Any CPU
		{8048EE8D-2343-415D-B78B-824AE00B453C}.Release|Any CPU.Build.0 = Release|Any CPU
		{8048EE8D-2343-415D-B78B-824AE00B453C}.Release|x64.ActiveCfg = Release|Any CPU
		{8048EE8D-2343-415D-B78B-824AE00B453C}.Release|x64.Build.0 = Release|Any CPU
		{8048EE8D-2343-415D-B78B-824AE00B453C}.Release|x86.ActiveCfg = Release|Any CPU
		{8048EE8D-2343-415D-B78B-824AE00B453C}.Release|x86.Build.0 = Release|Any CPU
		{089D736A-C969-4649-82A7-01C0B1AAADE3}.Debug|Any CPU.ActiveCfg = Debug|Any CPU
		{089D736A-C969-4649-82A7-01C0B1AAADE3}.Debug|Any CPU.Build.0 = Debug|Any CPU
		{089D736A-C969-4649-82A7-01C0B1AAADE3}.Debug|x64.ActiveCfg = Debug|Any CPU
		{089D736A-C969-4649-82A7-01C0B1AAADE3}.Debug|x64.Build.0 = Debug|Any CPU
		{089D736A-C969-4649-82A7-01C0B1AAADE3}.Debug|x86.ActiveCfg = Debug|Any CPU
		{089D736A-C969-4649-82A7-01C0B1AAADE3}.Debug|x86.Build.0 = Debug|Any CPU
		{089D736A-C969-4649-82A7-01C0B1AAADE3}.Release|Any CPU.ActiveCfg = Release|Any CPU
		{089D736A-C969-4649-82A7-01C0B1AAADE3}.Release|Any CPU.Build.0 = Release|Any CPU
		{089D736A-C969-4649-82A7-01C0B1AAADE3}.Release|x64.ActiveCfg = Release|Any CPU
		{089D736A-C969-4649-82A7-01C0B1AAADE3}.Release|x64.Build.0 = Release|Any CPU
		{089D736A-C969-4649-82A7-01C0B1AAADE3}.Release|x86.ActiveCfg = Release|Any CPU
		{089D736A-C969-4649-82A7-01C0B1AAADE3}.Release|x86.Build.0 = Release|Any CPU
		{C037A145-2BCC-4805-9A48-AD4B34C04A10}.Debug|Any CPU.ActiveCfg = Debug|Any CPU
		{C037A145-2BCC-4805-9A48-AD4B34C04A10}.Debug|Any CPU.Build.0 = Debug|Any CPU
		{C037A145-2BCC-4805-9A48-AD4B34C04A10}.Debug|x64.ActiveCfg = Debug|Any CPU
		{C037A145-2BCC-4805-9A48-AD4B34C04A10}.Debug|x64.Build.0 = Debug|Any CPU
		{C037A145-2BCC-4805-9A48-AD4B34C04A10}.Debug|x86.ActiveCfg = Debug|Any CPU
		{C037A145-2BCC-4805-9A48-AD4B34C04A10}.Debug|x86.Build.0 = Debug|Any CPU
		{C037A145-2BCC-4805-9A48-AD4B34C04A10}.Release|Any CPU.ActiveCfg = Release|Any CPU
		{C037A145-2BCC-4805-9A48-AD4B34C04A10}.Release|Any CPU.Build.0 = Release|Any CPU
		{C037A145-2BCC-4805-9A48-AD4B34C04A10}.Release|x64.ActiveCfg = Release|Any CPU
		{C037A145-2BCC-4805-9A48-AD4B34C04A10}.Release|x64.Build.0 = Release|Any CPU
		{C037A145-2BCC-4805-9A48-AD4B34C04A10}.Release|x86.ActiveCfg = Release|Any CPU
		{C037A145-2BCC-4805-9A48-AD4B34C04A10}.Release|x86.Build.0 = Release|Any CPU
	EndGlobalSection
	GlobalSection(SolutionProperties) = preSolution
		HideSolutionNode = FALSE
	EndGlobalSection
	GlobalSection(NestedProjects) = preSolution
		{AE7F1BCF-AAC1-46B3-B610-C8D02A9C0CCB} = {FD8F0C87-ED6C-498A-BE3A-B3B7F5B035C6}
		{9B2094D4-90AB-477F-8F90-06B2F635A9B3} = {FD8F0C87-ED6C-498A-BE3A-B3B7F5B035C6}
		{478C99C1-FCA5-40D6-BBE2-A3FDD33CC686} = {FD8F0C87-ED6C-498A-BE3A-B3B7F5B035C6}
		{8BDCF7C4-4592-4CD5-BAF5-6D6E00DE86A8} = {FD8F0C87-ED6C-498A-BE3A-B3B7F5B035C6}
		{B469EEBE-008C-4C95-A926-2E3BAF7E1996} = {FD8F0C87-ED6C-498A-BE3A-B3B7F5B035C6}
		{F7CD5EC0-F5DD-404A-A23D-57AF20013063} = {FD8F0C87-ED6C-498A-BE3A-B3B7F5B035C6}
		{E17F0F7C-E4FC-47BA-B40E-B9C986EF49B2} = {FD8F0C87-ED6C-498A-BE3A-B3B7F5B035C6}
		{A4C83020-D57E-4227-8157-78138AB60D4C} = {FD8F0C87-ED6C-498A-BE3A-B3B7F5B035C6}
		{71E48989-C6B8-4EAD-B6E7-09F366A8C160} = {FD8F0C87-ED6C-498A-BE3A-B3B7F5B035C6}
		{B2696F37-6A57-485E-887B-89A81FDD32B4} = {FD8F0C87-ED6C-498A-BE3A-B3B7F5B035C6}
		{158305F2-E21C-4AB2-A75E-DAE9A6F46379} = {FD8F0C87-ED6C-498A-BE3A-B3B7F5B035C6}
		{AE3E525A-3EC3-432A-89BC-94BDFD802A1A} = {FD8F0C87-ED6C-498A-BE3A-B3B7F5B035C6}
		{8048EE8D-2343-415D-B78B-824AE00B453C} = {FD8F0C87-ED6C-498A-BE3A-B3B7F5B035C6}
		{089D736A-C969-4649-82A7-01C0B1AAADE3} = {FD8F0C87-ED6C-498A-BE3A-B3B7F5B035C6}
		{C037A145-2BCC-4805-9A48-AD4B34C04A10} = {FD8F0C87-ED6C-498A-BE3A-B3B7F5B035C6}
	EndGlobalSection
	GlobalSection(ExtensibilityGlobals) = postSolution
		SolutionGuid = {7839B59F-A0C2-4484-BEC1-39F0DAEE8A8D}
	EndGlobalSection
EndGlobal
