
Microsoft Visual Studio Solution File, Format Version 12.00
# Visual Studio 15
VisualStudioVersion = 15.0.27004.2010
MinimumVisualStudioVersion = 10.0.40219.1
Project("{FAE04EC0-301F-11D3-BF4B-00C04F79EFBC}") = "ConsoleApp4", "ConsoleApp4\ConsoleApp4.csproj", "{3854D42C-FBB7-4AA0-840D-89E2E6997DB5}"
EndProject
Project("{9A19103F-16F7-4668-BE54-9A1E7A4F7556}") = "Campy.Utils", "Campy.Utils\Campy.Utils.csproj", "{ED3C7742-647C-44F9-B64B-29866044A54A}"
EndProject
Project("{9A19103F-16F7-4668-BE54-9A1E7A4F7556}") = "Campy.Graphs", "Campy.Graphs\Campy.Graphs.csproj", "{A71CE04F-F0D2-46E0-BAE8-06CF1EA50F96}"
EndProject
Project("{9A19103F-16F7-4668-BE54-9A1E7A4F7556}") = "Campy.Compiler", "Campy.Compiler\Campy.Compiler.csproj", "{CED2299A-4F97-4FB7-BFA8-A61B50E9986D}"
	ProjectSection(ProjectDependencies) = postProject
		{D6F88E29-3257-4BCA-AEB2-B89E21CE331D} = {D6F88E29-3257-4BCA-AEB2-B89E21CE331D}
		{1C06EB45-3235-4564-8A45-F553C34B19D6} = {1C06EB45-3235-4564-8A45-F553C34B19D6}
	EndProjectSection
EndProject
Project("{9A19103F-16F7-4668-BE54-9A1E7A4F7556}") = "Campy", "Campy\Campy.csproj", "{453ABA79-5380-48A0-8C93-53A814977448}"
EndProject
Project("{9A19103F-16F7-4668-BE54-9A1E7A4F7556}") = "IntArraySet", "Tests\IntArraySet\IntArraySet.csproj", "{AE7F1BCF-AAC1-46B3-B610-C8D02A9C0CCB}"
EndProject
Project("{9A19103F-16F7-4668-BE54-9A1E7A4F7556}") = "IntListSet", "Tests\IntListSet\IntListSet.csproj", "{9B2094D4-90AB-477F-8F90-06B2F635A9B3}"
EndProject
Project("{9A19103F-16F7-4668-BE54-9A1E7A4F7556}") = "IntArrayGetSet", "Tests\IntArrayGetSet\IntArrayGetSet.csproj", "{478C99C1-FCA5-40D6-BBE2-A3FDD33CC686}"
EndProject
Project("{9A19103F-16F7-4668-BE54-9A1E7A4F7556}") = "IntListGetSet", "Tests\IntListGetSet\IntListGetSet.csproj", "{8BDCF7C4-4592-4CD5-BAF5-6D6E00DE86A8}"
EndProject
Project("{2150E333-8FDC-42A3-9474-1A3956D46DE8}") = "Tests", "Tests", "{FD8F0C87-ED6C-498A-BE3A-B3B7F5B035C6}"
EndProject
Project("{9A19103F-16F7-4668-BE54-9A1E7A4F7556}") = "ArrayTypesGetSet", "Tests\ArrayTypesGetSet\ArrayTypesGetSet.csproj", "{B469EEBE-008C-4C95-A926-2E3BAF7E1996}"
EndProject
Project("{9A19103F-16F7-4668-BE54-9A1E7A4F7556}") = "ArrayLengthUse", "Tests\ArrayLengthUse\ArrayLengthUse.csproj", "{F7CD5EC0-F5DD-404A-A23D-57AF20013063}"
EndProject
Project("{9A19103F-16F7-4668-BE54-9A1E7A4F7556}") = "JaggedArray", "Tests\JaggedArray\JaggedArray.csproj", "{E17F0F7C-E4FC-47BA-B40E-B9C986EF49B2}"
EndProject
Project("{9A19103F-16F7-4668-BE54-9A1E7A4F7556}") = "ListsGaloreBasic", "Tests\ListsGaloreBasic\ListsGaloreBasic.csproj", "{A4C83020-D57E-4227-8157-78138AB60D4C}"
EndProject
Project("{9A19103F-16F7-4668-BE54-9A1E7A4F7556}") = "IfThenElse", "Tests\IfThenElse\IfThenElse.csproj", "{71E48989-C6B8-4EAD-B6E7-09F366A8C160}"
EndProject
Project("{9A19103F-16F7-4668-BE54-9A1E7A4F7556}") = "Saxpy", "Tests\Saxpy\Saxpy.csproj", "{B2696F37-6A57-485E-887B-89A81FDD32B4}"
EndProject
Project("{9A19103F-16F7-4668-BE54-9A1E7A4F7556}") = "JaggedArrayList", "Tests\JaggedArrayList\JaggedArrayList.csproj", "{158305F2-E21C-4AB2-A75E-DAE9A6F46379}"
EndProject
Project("{9A19103F-16F7-4668-BE54-9A1E7A4F7556}") = "TwoDimArrayInts", "Tests\TwoDimArrayInts\TwoDimArrayInts.csproj", "{AE3E525A-3EC3-432A-89BC-94BDFD802A1A}"
EndProject
Project("{9A19103F-16F7-4668-BE54-9A1E7A4F7556}") = "Reduction", "Tests\Reduction\Reduction.csproj", "{8048EE8D-2343-415D-B78B-824AE00B453C}"
EndProject
Project("{9A19103F-16F7-4668-BE54-9A1E7A4F7556}") = "FFT", "Tests\FFT\FFT.csproj", "{089D736A-C969-4649-82A7-01C0B1AAADE3}"
EndProject
Project("{9A19103F-16F7-4668-BE54-9A1E7A4F7556}") = "MultiDimensionalArrays", "Tests\MultiDimensionalArrays\MultiDimensionalArrays.csproj", "{C037A145-2BCC-4805-9A48-AD4B34C04A10}"
EndProject
Project("{9A19103F-16F7-4668-BE54-9A1E7A4F7556}") = "Campy.Runtime.Corlib", "Campy.Runtime\Corlib\Campy.Runtime.Corlib.csproj", "{1C06EB45-3235-4564-8A45-F553C34B19D6}"
EndProject
Project("{8BC9CEB8-8B4A-11D0-8D11-00A0C91BC942}") = "Campy.Runtime.Native", "Campy.Runtime\Native\Campy.Runtime.Native.vcxproj", "{D6F88E29-3257-4BCA-AEB2-B89E21CE331D}"
EndProject
Project("{2150E333-8FDC-42A3-9474-1A3956D46DE8}") = "Solution Items", "Solution Items", "{9106CABF-5CA2-46CC-9836-C67D9F2BDD9C}"
	ProjectSection(SolutionItems) = preProject
		README.md = README.md
	EndProjectSection
EndProject
Project("{9A19103F-16F7-4668-BE54-9A1E7A4F7556}") = "UnitTestProject11", "Tests\UnitTestProject11\UnitTestProject11.csproj", "{046B54A6-B76B-4F29-AF14-AADE300B410B}"
EndProject
Project("{9A19103F-16F7-4668-BE54-9A1E7A4F7556}") = "StringSearch", "Tests\StringSearch\StringSearch.csproj", "{BC95901E-01A5-47B1-8812-090A703A67FD}"
EndProject
Project("{9A19103F-16F7-4668-BE54-9A1E7A4F7556}") = "BitonicSort", "Tests\BitonicSort\BitonicSort.csproj", "{0024A512-A88A-415D-99C2-FE7BA9EED092}"
EndProject
Project("{9A19103F-16F7-4668-BE54-9A1E7A4F7556}") = "UnitTestProject1", "UnitTestProject1\UnitTestProject1.csproj", "{1F71B81D-E5CF-46CD-8D36-0043CBE1B316}"
EndProject
Project("{FAE04EC0-301F-11D3-BF4B-00C04F79EFBC}") = "ConsoleApp1", "ConsoleApp1\ConsoleApp1.csproj", "{D08823DA-80D3-47E5-A91A-DF6B97F6732D}"
EndProject
Global
	GlobalSection(SolutionConfigurationPlatforms) = preSolution
		Debug|Any CPU = Debug|Any CPU
		Debug|x64 = Debug|x64
		Debug|x86 = Debug|x86
		Release|Any CPU = Release|Any CPU
		Release|x64 = Release|x64
		Release|x86 = Release|x86
	EndGlobalSection
	GlobalSection(ProjectConfigurationPlatforms) = postSolution
		{3854D42C-FBB7-4AA0-840D-89E2E6997DB5}.Debug|Any CPU.ActiveCfg = Debug|Any CPU
		{3854D42C-FBB7-4AA0-840D-89E2E6997DB5}.Debug|Any CPU.Build.0 = Debug|Any CPU
		{3854D42C-FBB7-4AA0-840D-89E2E6997DB5}.Debug|x64.ActiveCfg = Debug|x64
		{3854D42C-FBB7-4AA0-840D-89E2E6997DB5}.Debug|x64.Build.0 = Debug|x64
		{3854D42C-FBB7-4AA0-840D-89E2E6997DB5}.Debug|x86.ActiveCfg = Debug|Any CPU
		{3854D42C-FBB7-4AA0-840D-89E2E6997DB5}.Debug|x86.Build.0 = Debug|Any CPU
		{3854D42C-FBB7-4AA0-840D-89E2E6997DB5}.Release|Any CPU.ActiveCfg = Release|Any CPU
		{3854D42C-FBB7-4AA0-840D-89E2E6997DB5}.Release|Any CPU.Build.0 = Release|Any CPU
		{3854D42C-FBB7-4AA0-840D-89E2E6997DB5}.Release|x64.ActiveCfg = Release|x64
		{3854D42C-FBB7-4AA0-840D-89E2E6997DB5}.Release|x64.Build.0 = Release|x64
		{3854D42C-FBB7-4AA0-840D-89E2E6997DB5}.Release|x86.ActiveCfg = Release|Any CPU
		{3854D42C-FBB7-4AA0-840D-89E2E6997DB5}.Release|x86.Build.0 = Release|Any CPU
		{ED3C7742-647C-44F9-B64B-29866044A54A}.Debug|Any CPU.ActiveCfg = Debug|Any CPU
		{ED3C7742-647C-44F9-B64B-29866044A54A}.Debug|Any CPU.Build.0 = Debug|Any CPU
		{ED3C7742-647C-44F9-B64B-29866044A54A}.Debug|x64.ActiveCfg = Debug|Any CPU
		{ED3C7742-647C-44F9-B64B-29866044A54A}.Debug|x64.Build.0 = Debug|Any CPU
		{ED3C7742-647C-44F9-B64B-29866044A54A}.Debug|x86.ActiveCfg = Debug|Any CPU
		{ED3C7742-647C-44F9-B64B-29866044A54A}.Debug|x86.Build.0 = Debug|Any CPU
		{ED3C7742-647C-44F9-B64B-29866044A54A}.Release|Any CPU.ActiveCfg = Release|Any CPU
		{ED3C7742-647C-44F9-B64B-29866044A54A}.Release|Any CPU.Build.0 = Release|Any CPU
		{ED3C7742-647C-44F9-B64B-29866044A54A}.Release|x64.ActiveCfg = Release|Any CPU
		{ED3C7742-647C-44F9-B64B-29866044A54A}.Release|x64.Build.0 = Release|Any CPU
		{ED3C7742-647C-44F9-B64B-29866044A54A}.Release|x86.ActiveCfg = Release|Any CPU
		{ED3C7742-647C-44F9-B64B-29866044A54A}.Release|x86.Build.0 = Release|Any CPU
		{A71CE04F-F0D2-46E0-BAE8-06CF1EA50F96}.Debug|Any CPU.ActiveCfg = Debug|Any CPU
		{A71CE04F-F0D2-46E0-BAE8-06CF1EA50F96}.Debug|Any CPU.Build.0 = Debug|Any CPU
		{A71CE04F-F0D2-46E0-BAE8-06CF1EA50F96}.Debug|x64.ActiveCfg = Debug|Any CPU
		{A71CE04F-F0D2-46E0-BAE8-06CF1EA50F96}.Debug|x64.Build.0 = Debug|Any CPU
		{A71CE04F-F0D2-46E0-BAE8-06CF1EA50F96}.Debug|x86.ActiveCfg = Debug|Any CPU
		{A71CE04F-F0D2-46E0-BAE8-06CF1EA50F96}.Debug|x86.Build.0 = Debug|Any CPU
		{A71CE04F-F0D2-46E0-BAE8-06CF1EA50F96}.Release|Any CPU.ActiveCfg = Release|Any CPU
		{A71CE04F-F0D2-46E0-BAE8-06CF1EA50F96}.Release|Any CPU.Build.0 = Release|Any CPU
		{A71CE04F-F0D2-46E0-BAE8-06CF1EA50F96}.Release|x64.ActiveCfg = Release|Any CPU
		{A71CE04F-F0D2-46E0-BAE8-06CF1EA50F96}.Release|x64.Build.0 = Release|Any CPU
		{A71CE04F-F0D2-46E0-BAE8-06CF1EA50F96}.Release|x86.ActiveCfg = Release|Any CPU
		{A71CE04F-F0D2-46E0-BAE8-06CF1EA50F96}.Release|x86.Build.0 = Release|Any CPU
		{CED2299A-4F97-4FB7-BFA8-A61B50E9986D}.Debug|Any CPU.ActiveCfg = Debug|Any CPU
		{CED2299A-4F97-4FB7-BFA8-A61B50E9986D}.Debug|Any CPU.Build.0 = Debug|Any CPU
		{CED2299A-4F97-4FB7-BFA8-A61B50E9986D}.Debug|x64.ActiveCfg = Debug|Any CPU
		{CED2299A-4F97-4FB7-BFA8-A61B50E9986D}.Debug|x64.Build.0 = Debug|Any CPU
		{CED2299A-4F97-4FB7-BFA8-A61B50E9986D}.Debug|x86.ActiveCfg = Debug|Any CPU
		{CED2299A-4F97-4FB7-BFA8-A61B50E9986D}.Debug|x86.Build.0 = Debug|Any CPU
		{CED2299A-4F97-4FB7-BFA8-A61B50E9986D}.Release|Any CPU.ActiveCfg = Release|Any CPU
		{CED2299A-4F97-4FB7-BFA8-A61B50E9986D}.Release|Any CPU.Build.0 = Release|Any CPU
		{CED2299A-4F97-4FB7-BFA8-A61B50E9986D}.Release|x64.ActiveCfg = Release|Any CPU
		{CED2299A-4F97-4FB7-BFA8-A61B50E9986D}.Release|x64.Build.0 = Release|Any CPU
		{CED2299A-4F97-4FB7-BFA8-A61B50E9986D}.Release|x86.ActiveCfg = Release|Any CPU
		{CED2299A-4F97-4FB7-BFA8-A61B50E9986D}.Release|x86.Build.0 = Release|Any CPU
		{453ABA79-5380-48A0-8C93-53A814977448}.Debug|Any CPU.ActiveCfg = Debug|Any CPU
		{453ABA79-5380-48A0-8C93-53A814977448}.Debug|Any CPU.Build.0 = Debug|Any CPU
		{453ABA79-5380-48A0-8C93-53A814977448}.Debug|x64.ActiveCfg = Debug|Any CPU
		{453ABA79-5380-48A0-8C93-53A814977448}.Debug|x64.Build.0 = Debug|Any CPU
		{453ABA79-5380-48A0-8C93-53A814977448}.Debug|x86.ActiveCfg = Debug|Any CPU
		{453ABA79-5380-48A0-8C93-53A814977448}.Debug|x86.Build.0 = Debug|Any CPU
		{453ABA79-5380-48A0-8C93-53A814977448}.Release|Any CPU.ActiveCfg = Release|Any CPU
		{453ABA79-5380-48A0-8C93-53A814977448}.Release|Any CPU.Build.0 = Release|Any CPU
		{453ABA79-5380-48A0-8C93-53A814977448}.Release|x64.ActiveCfg = Release|Any CPU
		{453ABA79-5380-48A0-8C93-53A814977448}.Release|x64.Build.0 = Release|Any CPU
		{453ABA79-5380-48A0-8C93-53A814977448}.Release|x86.ActiveCfg = Release|Any CPU
		{453ABA79-5380-48A0-8C93-53A814977448}.Release|x86.Build.0 = Release|Any CPU
		{AE7F1BCF-AAC1-46B3-B610-C8D02A9C0CCB}.Debug|Any CPU.ActiveCfg = Debug|Any CPU
		{AE7F1BCF-AAC1-46B3-B610-C8D02A9C0CCB}.Debug|Any CPU.Build.0 = Debug|Any CPU
		{AE7F1BCF-AAC1-46B3-B610-C8D02A9C0CCB}.Debug|x64.ActiveCfg = Debug|Any CPU
		{AE7F1BCF-AAC1-46B3-B610-C8D02A9C0CCB}.Debug|x64.Build.0 = Debug|Any CPU
		{AE7F1BCF-AAC1-46B3-B610-C8D02A9C0CCB}.Debug|x86.ActiveCfg = Debug|Any CPU
		{AE7F1BCF-AAC1-46B3-B610-C8D02A9C0CCB}.Debug|x86.Build.0 = Debug|Any CPU
		{AE7F1BCF-AAC1-46B3-B610-C8D02A9C0CCB}.Release|Any CPU.ActiveCfg = Release|Any CPU
		{AE7F1BCF-AAC1-46B3-B610-C8D02A9C0CCB}.Release|Any CPU.Build.0 = Release|Any CPU
		{AE7F1BCF-AAC1-46B3-B610-C8D02A9C0CCB}.Release|x64.ActiveCfg = Release|Any CPU
		{AE7F1BCF-AAC1-46B3-B610-C8D02A9C0CCB}.Release|x64.Build.0 = Release|Any CPU
		{AE7F1BCF-AAC1-46B3-B610-C8D02A9C0CCB}.Release|x86.ActiveCfg = Release|Any CPU
		{AE7F1BCF-AAC1-46B3-B610-C8D02A9C0CCB}.Release|x86.Build.0 = Release|Any CPU
		{9B2094D4-90AB-477F-8F90-06B2F635A9B3}.Debug|Any CPU.ActiveCfg = Debug|Any CPU
		{9B2094D4-90AB-477F-8F90-06B2F635A9B3}.Debug|Any CPU.Build.0 = Debug|Any CPU
		{9B2094D4-90AB-477F-8F90-06B2F635A9B3}.Debug|x64.ActiveCfg = Debug|Any CPU
		{9B2094D4-90AB-477F-8F90-06B2F635A9B3}.Debug|x64.Build.0 = Debug|Any CPU
		{9B2094D4-90AB-477F-8F90-06B2F635A9B3}.Debug|x86.ActiveCfg = Debug|Any CPU
		{9B2094D4-90AB-477F-8F90-06B2F635A9B3}.Debug|x86.Build.0 = Debug|Any CPU
		{9B2094D4-90AB-477F-8F90-06B2F635A9B3}.Release|Any CPU.ActiveCfg = Release|Any CPU
		{9B2094D4-90AB-477F-8F90-06B2F635A9B3}.Release|Any CPU.Build.0 = Release|Any CPU
		{9B2094D4-90AB-477F-8F90-06B2F635A9B3}.Release|x64.ActiveCfg = Release|Any CPU
		{9B2094D4-90AB-477F-8F90-06B2F635A9B3}.Release|x64.Build.0 = Release|Any CPU
		{9B2094D4-90AB-477F-8F90-06B2F635A9B3}.Release|x86.ActiveCfg = Release|Any CPU
		{9B2094D4-90AB-477F-8F90-06B2F635A9B3}.Release|x86.Build.0 = Release|Any CPU
		{478C99C1-FCA5-40D6-BBE2-A3FDD33CC686}.Debug|Any CPU.ActiveCfg = Debug|Any CPU
		{478C99C1-FCA5-40D6-BBE2-A3FDD33CC686}.Debug|Any CPU.Build.0 = Debug|Any CPU
		{478C99C1-FCA5-40D6-BBE2-A3FDD33CC686}.Debug|x64.ActiveCfg = Debug|Any CPU
		{478C99C1-FCA5-40D6-BBE2-A3FDD33CC686}.Debug|x64.Build.0 = Debug|Any CPU
		{478C99C1-FCA5-40D6-BBE2-A3FDD33CC686}.Debug|x86.ActiveCfg = Debug|Any CPU
		{478C99C1-FCA5-40D6-BBE2-A3FDD33CC686}.Debug|x86.Build.0 = Debug|Any CPU
		{478C99C1-FCA5-40D6-BBE2-A3FDD33CC686}.Release|Any CPU.ActiveCfg = Release|Any CPU
		{478C99C1-FCA5-40D6-BBE2-A3FDD33CC686}.Release|Any CPU.Build.0 = Release|Any CPU
		{478C99C1-FCA5-40D6-BBE2-A3FDD33CC686}.Release|x64.ActiveCfg = Release|Any CPU
		{478C99C1-FCA5-40D6-BBE2-A3FDD33CC686}.Release|x64.Build.0 = Release|Any CPU
		{478C99C1-FCA5-40D6-BBE2-A3FDD33CC686}.Release|x86.ActiveCfg = Release|Any CPU
		{478C99C1-FCA5-40D6-BBE2-A3FDD33CC686}.Release|x86.Build.0 = Release|Any CPU
		{8BDCF7C4-4592-4CD5-BAF5-6D6E00DE86A8}.Debug|Any CPU.ActiveCfg = Debug|Any CPU
		{8BDCF7C4-4592-4CD5-BAF5-6D6E00DE86A8}.Debug|Any CPU.Build.0 = Debug|Any CPU
		{8BDCF7C4-4592-4CD5-BAF5-6D6E00DE86A8}.Debug|x64.ActiveCfg = Debug|Any CPU
		{8BDCF7C4-4592-4CD5-BAF5-6D6E00DE86A8}.Debug|x64.Build.0 = Debug|Any CPU
		{8BDCF7C4-4592-4CD5-BAF5-6D6E00DE86A8}.Debug|x86.ActiveCfg = Debug|Any CPU
		{8BDCF7C4-4592-4CD5-BAF5-6D6E00DE86A8}.Debug|x86.Build.0 = Debug|Any CPU
		{8BDCF7C4-4592-4CD5-BAF5-6D6E00DE86A8}.Release|Any CPU.ActiveCfg = Release|Any CPU
		{8BDCF7C4-4592-4CD5-BAF5-6D6E00DE86A8}.Release|Any CPU.Build.0 = Release|Any CPU
		{8BDCF7C4-4592-4CD5-BAF5-6D6E00DE86A8}.Release|x64.ActiveCfg = Release|Any CPU
		{8BDCF7C4-4592-4CD5-BAF5-6D6E00DE86A8}.Release|x64.Build.0 = Release|Any CPU
		{8BDCF7C4-4592-4CD5-BAF5-6D6E00DE86A8}.Release|x86.ActiveCfg = Release|Any CPU
		{8BDCF7C4-4592-4CD5-BAF5-6D6E00DE86A8}.Release|x86.Build.0 = Release|Any CPU
		{B469EEBE-008C-4C95-A926-2E3BAF7E1996}.Debug|Any CPU.ActiveCfg = Debug|Any CPU
		{B469EEBE-008C-4C95-A926-2E3BAF7E1996}.Debug|Any CPU.Build.0 = Debug|Any CPU
		{B469EEBE-008C-4C95-A926-2E3BAF7E1996}.Debug|x64.ActiveCfg = Debug|Any CPU
		{B469EEBE-008C-4C95-A926-2E3BAF7E1996}.Debug|x64.Build.0 = Debug|Any CPU
		{B469EEBE-008C-4C95-A926-2E3BAF7E1996}.Debug|x86.ActiveCfg = Debug|Any CPU
		{B469EEBE-008C-4C95-A926-2E3BAF7E1996}.Debug|x86.Build.0 = Debug|Any CPU
		{B469EEBE-008C-4C95-A926-2E3BAF7E1996}.Release|Any CPU.ActiveCfg = Release|Any CPU
		{B469EEBE-008C-4C95-A926-2E3BAF7E1996}.Release|Any CPU.Build.0 = Release|Any CPU
		{B469EEBE-008C-4C95-A926-2E3BAF7E1996}.Release|x64.ActiveCfg = Release|Any CPU
		{B469EEBE-008C-4C95-A926-2E3BAF7E1996}.Release|x64.Build.0 = Release|Any CPU
		{B469EEBE-008C-4C95-A926-2E3BAF7E1996}.Release|x86.ActiveCfg = Release|Any CPU
		{B469EEBE-008C-4C95-A926-2E3BAF7E1996}.Release|x86.Build.0 = Release|Any CPU
		{F7CD5EC0-F5DD-404A-A23D-57AF20013063}.Debug|Any CPU.ActiveCfg = Debug|Any CPU
		{F7CD5EC0-F5DD-404A-A23D-57AF20013063}.Debug|Any CPU.Build.0 = Debug|Any CPU
		{F7CD5EC0-F5DD-404A-A23D-57AF20013063}.Debug|x64.ActiveCfg = Debug|Any CPU
		{F7CD5EC0-F5DD-404A-A23D-57AF20013063}.Debug|x64.Build.0 = Debug|Any CPU
		{F7CD5EC0-F5DD-404A-A23D-57AF20013063}.Debug|x86.ActiveCfg = Debug|Any CPU
		{F7CD5EC0-F5DD-404A-A23D-57AF20013063}.Debug|x86.Build.0 = Debug|Any CPU
		{F7CD5EC0-F5DD-404A-A23D-57AF20013063}.Release|Any CPU.ActiveCfg = Release|Any CPU
		{F7CD5EC0-F5DD-404A-A23D-57AF20013063}.Release|Any CPU.Build.0 = Release|Any CPU
		{F7CD5EC0-F5DD-404A-A23D-57AF20013063}.Release|x64.ActiveCfg = Release|Any CPU
		{F7CD5EC0-F5DD-404A-A23D-57AF20013063}.Release|x64.Build.0 = Release|Any CPU
		{F7CD5EC0-F5DD-404A-A23D-57AF20013063}.Release|x86.ActiveCfg = Release|Any CPU
		{F7CD5EC0-F5DD-404A-A23D-57AF20013063}.Release|x86.Build.0 = Release|Any CPU
		{E17F0F7C-E4FC-47BA-B40E-B9C986EF49B2}.Debug|Any CPU.ActiveCfg = Debug|Any CPU
		{E17F0F7C-E4FC-47BA-B40E-B9C986EF49B2}.Debug|Any CPU.Build.0 = Debug|Any CPU
		{E17F0F7C-E4FC-47BA-B40E-B9C986EF49B2}.Debug|x64.ActiveCfg = Debug|Any CPU
		{E17F0F7C-E4FC-47BA-B40E-B9C986EF49B2}.Debug|x64.Build.0 = Debug|Any CPU
		{E17F0F7C-E4FC-47BA-B40E-B9C986EF49B2}.Debug|x86.ActiveCfg = Debug|Any CPU
		{E17F0F7C-E4FC-47BA-B40E-B9C986EF49B2}.Debug|x86.Build.0 = Debug|Any CPU
		{E17F0F7C-E4FC-47BA-B40E-B9C986EF49B2}.Release|Any CPU.ActiveCfg = Release|Any CPU
		{E17F0F7C-E4FC-47BA-B40E-B9C986EF49B2}.Release|Any CPU.Build.0 = Release|Any CPU
		{E17F0F7C-E4FC-47BA-B40E-B9C986EF49B2}.Release|x64.ActiveCfg = Release|Any CPU
		{E17F0F7C-E4FC-47BA-B40E-B9C986EF49B2}.Release|x64.Build.0 = Release|Any CPU
		{E17F0F7C-E4FC-47BA-B40E-B9C986EF49B2}.Release|x86.ActiveCfg = Release|Any CPU
		{E17F0F7C-E4FC-47BA-B40E-B9C986EF49B2}.Release|x86.Build.0 = Release|Any CPU
		{A4C83020-D57E-4227-8157-78138AB60D4C}.Debug|Any CPU.ActiveCfg = Debug|Any CPU
		{A4C83020-D57E-4227-8157-78138AB60D4C}.Debug|Any CPU.Build.0 = Debug|Any CPU
		{A4C83020-D57E-4227-8157-78138AB60D4C}.Debug|x64.ActiveCfg = Debug|Any CPU
		{A4C83020-D57E-4227-8157-78138AB60D4C}.Debug|x64.Build.0 = Debug|Any CPU
		{A4C83020-D57E-4227-8157-78138AB60D4C}.Debug|x86.ActiveCfg = Debug|Any CPU
		{A4C83020-D57E-4227-8157-78138AB60D4C}.Debug|x86.Build.0 = Debug|Any CPU
		{A4C83020-D57E-4227-8157-78138AB60D4C}.Release|Any CPU.ActiveCfg = Release|Any CPU
		{A4C83020-D57E-4227-8157-78138AB60D4C}.Release|Any CPU.Build.0 = Release|Any CPU
		{A4C83020-D57E-4227-8157-78138AB60D4C}.Release|x64.ActiveCfg = Release|Any CPU
		{A4C83020-D57E-4227-8157-78138AB60D4C}.Release|x64.Build.0 = Release|Any CPU
		{A4C83020-D57E-4227-8157-78138AB60D4C}.Release|x86.ActiveCfg = Release|Any CPU
		{A4C83020-D57E-4227-8157-78138AB60D4C}.Release|x86.Build.0 = Release|Any CPU
		{71E48989-C6B8-4EAD-B6E7-09F366A8C160}.Debug|Any CPU.ActiveCfg = Debug|Any CPU
		{71E48989-C6B8-4EAD-B6E7-09F366A8C160}.Debug|Any CPU.Build.0 = Debug|Any CPU
		{71E48989-C6B8-4EAD-B6E7-09F366A8C160}.Debug|x64.ActiveCfg = Debug|Any CPU
		{71E48989-C6B8-4EAD-B6E7-09F366A8C160}.Debug|x64.Build.0 = Debug|Any CPU
		{71E48989-C6B8-4EAD-B6E7-09F366A8C160}.Debug|x86.ActiveCfg = Debug|Any CPU
		{71E48989-C6B8-4EAD-B6E7-09F366A8C160}.Debug|x86.Build.0 = Debug|Any CPU
		{71E48989-C6B8-4EAD-B6E7-09F366A8C160}.Release|Any CPU.ActiveCfg = Release|Any CPU
		{71E48989-C6B8-4EAD-B6E7-09F366A8C160}.Release|Any CPU.Build.0 = Release|Any CPU
		{71E48989-C6B8-4EAD-B6E7-09F366A8C160}.Release|x64.ActiveCfg = Release|Any CPU
		{71E48989-C6B8-4EAD-B6E7-09F366A8C160}.Release|x64.Build.0 = Release|Any CPU
		{71E48989-C6B8-4EAD-B6E7-09F366A8C160}.Release|x86.ActiveCfg = Release|Any CPU
		{71E48989-C6B8-4EAD-B6E7-09F366A8C160}.Release|x86.Build.0 = Release|Any CPU
		{B2696F37-6A57-485E-887B-89A81FDD32B4}.Debug|Any CPU.ActiveCfg = Debug|Any CPU
		{B2696F37-6A57-485E-887B-89A81FDD32B4}.Debug|Any CPU.Build.0 = Debug|Any CPU
		{B2696F37-6A57-485E-887B-89A81FDD32B4}.Debug|x64.ActiveCfg = Debug|Any CPU
		{B2696F37-6A57-485E-887B-89A81FDD32B4}.Debug|x64.Build.0 = Debug|Any CPU
		{B2696F37-6A57-485E-887B-89A81FDD32B4}.Debug|x86.ActiveCfg = Debug|Any CPU
		{B2696F37-6A57-485E-887B-89A81FDD32B4}.Debug|x86.Build.0 = Debug|Any CPU
		{B2696F37-6A57-485E-887B-89A81FDD32B4}.Release|Any CPU.ActiveCfg = Release|Any CPU
		{B2696F37-6A57-485E-887B-89A81FDD32B4}.Release|Any CPU.Build.0 = Release|Any CPU
		{B2696F37-6A57-485E-887B-89A81FDD32B4}.Release|x64.ActiveCfg = Release|Any CPU
		{B2696F37-6A57-485E-887B-89A81FDD32B4}.Release|x64.Build.0 = Release|Any CPU
		{B2696F37-6A57-485E-887B-89A81FDD32B4}.Release|x86.ActiveCfg = Release|Any CPU
		{B2696F37-6A57-485E-887B-89A81FDD32B4}.Release|x86.Build.0 = Release|Any CPU
		{158305F2-E21C-4AB2-A75E-DAE9A6F46379}.Debug|Any CPU.ActiveCfg = Debug|Any CPU
		{158305F2-E21C-4AB2-A75E-DAE9A6F46379}.Debug|Any CPU.Build.0 = Debug|Any CPU
		{158305F2-E21C-4AB2-A75E-DAE9A6F46379}.Debug|x64.ActiveCfg = Debug|Any CPU
		{158305F2-E21C-4AB2-A75E-DAE9A6F46379}.Debug|x64.Build.0 = Debug|Any CPU
		{158305F2-E21C-4AB2-A75E-DAE9A6F46379}.Debug|x86.ActiveCfg = Debug|Any CPU
		{158305F2-E21C-4AB2-A75E-DAE9A6F46379}.Debug|x86.Build.0 = Debug|Any CPU
		{158305F2-E21C-4AB2-A75E-DAE9A6F46379}.Release|Any CPU.ActiveCfg = Release|Any CPU
		{158305F2-E21C-4AB2-A75E-DAE9A6F46379}.Release|Any CPU.Build.0 = Release|Any CPU
		{158305F2-E21C-4AB2-A75E-DAE9A6F46379}.Release|x64.ActiveCfg = Release|Any CPU
		{158305F2-E21C-4AB2-A75E-DAE9A6F46379}.Release|x64.Build.0 = Release|Any CPU
		{158305F2-E21C-4AB2-A75E-DAE9A6F46379}.Release|x86.ActiveCfg = Release|Any CPU
		{158305F2-E21C-4AB2-A75E-DAE9A6F46379}.Release|x86.Build.0 = Release|Any CPU
		{AE3E525A-3EC3-432A-89BC-94BDFD802A1A}.Debug|Any CPU.ActiveCfg = Debug|Any CPU
		{AE3E525A-3EC3-432A-89BC-94BDFD802A1A}.Debug|Any CPU.Build.0 = Debug|Any CPU
		{AE3E525A-3EC3-432A-89BC-94BDFD802A1A}.Debug|x64.ActiveCfg = Debug|Any CPU
		{AE3E525A-3EC3-432A-89BC-94BDFD802A1A}.Debug|x64.Build.0 = Debug|Any CPU
		{AE3E525A-3EC3-432A-89BC-94BDFD802A1A}.Debug|x86.ActiveCfg = Debug|Any CPU
		{AE3E525A-3EC3-432A-89BC-94BDFD802A1A}.Debug|x86.Build.0 = Debug|Any CPU
		{AE3E525A-3EC3-432A-89BC-94BDFD802A1A}.Release|Any CPU.ActiveCfg = Release|Any CPU
		{AE3E525A-3EC3-432A-89BC-94BDFD802A1A}.Release|Any CPU.Build.0 = Release|Any CPU
		{AE3E525A-3EC3-432A-89BC-94BDFD802A1A}.Release|x64.ActiveCfg = Release|Any CPU
		{AE3E525A-3EC3-432A-89BC-94BDFD802A1A}.Release|x64.Build.0 = Release|Any CPU
		{AE3E525A-3EC3-432A-89BC-94BDFD802A1A}.Release|x86.ActiveCfg = Release|Any CPU
		{AE3E525A-3EC3-432A-89BC-94BDFD802A1A}.Release|x86.Build.0 = Release|Any CPU
		{8048EE8D-2343-415D-B78B-824AE00B453C}.Debug|Any CPU.ActiveCfg = Debug|Any CPU
		{8048EE8D-2343-415D-B78B-824AE00B453C}.Debug|Any CPU.Build.0 = Debug|Any CPU
		{8048EE8D-2343-415D-B78B-824AE00B453C}.Debug|x64.ActiveCfg = Debug|Any CPU
		{8048EE8D-2343-415D-B78B-824AE00B453C}.Debug|x64.Build.0 = Debug|Any CPU
		{8048EE8D-2343-415D-B78B-824AE00B453C}.Debug|x86.ActiveCfg = Debug|Any CPU
		{8048EE8D-2343-415D-B78B-824AE00B453C}.Debug|x86.Build.0 = Debug|Any CPU
		{8048EE8D-2343-415D-B78B-824AE00B453C}.Release|Any CPU.ActiveCfg = Release|Any CPU
		{8048EE8D-2343-415D-B78B-824AE00B453C}.Release|Any CPU.Build.0 = Release|Any CPU
		{8048EE8D-2343-415D-B78B-824AE00B453C}.Release|x64.ActiveCfg = Release|Any CPU
		{8048EE8D-2343-415D-B78B-824AE00B453C}.Release|x64.Build.0 = Release|Any CPU
		{8048EE8D-2343-415D-B78B-824AE00B453C}.Release|x86.ActiveCfg = Release|Any CPU
		{8048EE8D-2343-415D-B78B-824AE00B453C}.Release|x86.Build.0 = Release|Any CPU
		{089D736A-C969-4649-82A7-01C0B1AAADE3}.Debug|Any CPU.ActiveCfg = Debug|Any CPU
		{089D736A-C969-4649-82A7-01C0B1AAADE3}.Debug|Any CPU.Build.0 = Debug|Any CPU
		{089D736A-C969-4649-82A7-01C0B1AAADE3}.Debug|x64.ActiveCfg = Debug|Any CPU
		{089D736A-C969-4649-82A7-01C0B1AAADE3}.Debug|x64.Build.0 = Debug|Any CPU
		{089D736A-C969-4649-82A7-01C0B1AAADE3}.Debug|x86.ActiveCfg = Debug|Any CPU
		{089D736A-C969-4649-82A7-01C0B1AAADE3}.Debug|x86.Build.0 = Debug|Any CPU
		{089D736A-C969-4649-82A7-01C0B1AAADE3}.Release|Any CPU.ActiveCfg = Release|Any CPU
		{089D736A-C969-4649-82A7-01C0B1AAADE3}.Release|Any CPU.Build.0 = Release|Any CPU
		{089D736A-C969-4649-82A7-01C0B1AAADE3}.Release|x64.ActiveCfg = Release|Any CPU
		{089D736A-C969-4649-82A7-01C0B1AAADE3}.Release|x64.Build.0 = Release|Any CPU
		{089D736A-C969-4649-82A7-01C0B1AAADE3}.Release|x86.ActiveCfg = Release|Any CPU
		{089D736A-C969-4649-82A7-01C0B1AAADE3}.Release|x86.Build.0 = Release|Any CPU
		{C037A145-2BCC-4805-9A48-AD4B34C04A10}.Debug|Any CPU.ActiveCfg = Debug|Any CPU
		{C037A145-2BCC-4805-9A48-AD4B34C04A10}.Debug|Any CPU.Build.0 = Debug|Any CPU
		{C037A145-2BCC-4805-9A48-AD4B34C04A10}.Debug|x64.ActiveCfg = Debug|Any CPU
		{C037A145-2BCC-4805-9A48-AD4B34C04A10}.Debug|x64.Build.0 = Debug|Any CPU
		{C037A145-2BCC-4805-9A48-AD4B34C04A10}.Debug|x86.ActiveCfg = Debug|Any CPU
		{C037A145-2BCC-4805-9A48-AD4B34C04A10}.Debug|x86.Build.0 = Debug|Any CPU
		{C037A145-2BCC-4805-9A48-AD4B34C04A10}.Release|Any CPU.ActiveCfg = Release|Any CPU
		{C037A145-2BCC-4805-9A48-AD4B34C04A10}.Release|Any CPU.Build.0 = Release|Any CPU
		{C037A145-2BCC-4805-9A48-AD4B34C04A10}.Release|x64.ActiveCfg = Release|Any CPU
		{C037A145-2BCC-4805-9A48-AD4B34C04A10}.Release|x64.Build.0 = Release|Any CPU
		{C037A145-2BCC-4805-9A48-AD4B34C04A10}.Release|x86.ActiveCfg = Release|Any CPU
		{C037A145-2BCC-4805-9A48-AD4B34C04A10}.Release|x86.Build.0 = Release|Any CPU
		{1C06EB45-3235-4564-8A45-F553C34B19D6}.Debug|Any CPU.ActiveCfg = Debug|Any CPU
		{1C06EB45-3235-4564-8A45-F553C34B19D6}.Debug|Any CPU.Build.0 = Debug|Any CPU
		{1C06EB45-3235-4564-8A45-F553C34B19D6}.Debug|x64.ActiveCfg = Debug|Any CPU
		{1C06EB45-3235-4564-8A45-F553C34B19D6}.Debug|x64.Build.0 = Debug|Any CPU
		{1C06EB45-3235-4564-8A45-F553C34B19D6}.Debug|x86.ActiveCfg = Debug|Any CPU
		{1C06EB45-3235-4564-8A45-F553C34B19D6}.Debug|x86.Build.0 = Debug|Any CPU
		{1C06EB45-3235-4564-8A45-F553C34B19D6}.Release|Any CPU.ActiveCfg = Release|Any CPU
		{1C06EB45-3235-4564-8A45-F553C34B19D6}.Release|Any CPU.Build.0 = Release|Any CPU
		{1C06EB45-3235-4564-8A45-F553C34B19D6}.Release|x64.ActiveCfg = Release|Any CPU
		{1C06EB45-3235-4564-8A45-F553C34B19D6}.Release|x64.Build.0 = Release|Any CPU
		{1C06EB45-3235-4564-8A45-F553C34B19D6}.Release|x86.ActiveCfg = Release|Any CPU
		{1C06EB45-3235-4564-8A45-F553C34B19D6}.Release|x86.Build.0 = Release|Any CPU
		{D6F88E29-3257-4BCA-AEB2-B89E21CE331D}.Debug|Any CPU.ActiveCfg = Debug|x64
		{D6F88E29-3257-4BCA-AEB2-B89E21CE331D}.Debug|Any CPU.Build.0 = Debug|x64
		{D6F88E29-3257-4BCA-AEB2-B89E21CE331D}.Debug|x64.ActiveCfg = Debug|x64
		{D6F88E29-3257-4BCA-AEB2-B89E21CE331D}.Debug|x64.Build.0 = Debug|x64
		{D6F88E29-3257-4BCA-AEB2-B89E21CE331D}.Debug|x86.ActiveCfg = Debug|Win32
		{D6F88E29-3257-4BCA-AEB2-B89E21CE331D}.Debug|x86.Build.0 = Debug|Win32
		{D6F88E29-3257-4BCA-AEB2-B89E21CE331D}.Debug|x86.Deploy.0 = Debug|Win32
		{D6F88E29-3257-4BCA-AEB2-B89E21CE331D}.Release|Any CPU.ActiveCfg = Release|x64
		{D6F88E29-3257-4BCA-AEB2-B89E21CE331D}.Release|x64.ActiveCfg = Release|x64
		{D6F88E29-3257-4BCA-AEB2-B89E21CE331D}.Release|x64.Build.0 = Release|x64
		{D6F88E29-3257-4BCA-AEB2-B89E21CE331D}.Release|x86.ActiveCfg = Release|Win32
		{D6F88E29-3257-4BCA-AEB2-B89E21CE331D}.Release|x86.Build.0 = Release|Win32
		{D6F88E29-3257-4BCA-AEB2-B89E21CE331D}.Release|x86.Deploy.0 = Release|Win32
		{046B54A6-B76B-4F29-AF14-AADE300B410B}.Debug|Any CPU.ActiveCfg = Debug|Any CPU
		{046B54A6-B76B-4F29-AF14-AADE300B410B}.Debug|Any CPU.Build.0 = Debug|Any CPU
		{046B54A6-B76B-4F29-AF14-AADE300B410B}.Debug|x64.ActiveCfg = Debug|Any CPU
		{046B54A6-B76B-4F29-AF14-AADE300B410B}.Debug|x64.Build.0 = Debug|Any CPU
		{046B54A6-B76B-4F29-AF14-AADE300B410B}.Debug|x86.ActiveCfg = Debug|Any CPU
		{046B54A6-B76B-4F29-AF14-AADE300B410B}.Debug|x86.Build.0 = Debug|Any CPU
		{046B54A6-B76B-4F29-AF14-AADE300B410B}.Release|Any CPU.ActiveCfg = Release|Any CPU
		{046B54A6-B76B-4F29-AF14-AADE300B410B}.Release|Any CPU.Build.0 = Release|Any CPU
		{046B54A6-B76B-4F29-AF14-AADE300B410B}.Release|x64.ActiveCfg = Release|Any CPU
		{046B54A6-B76B-4F29-AF14-AADE300B410B}.Release|x64.Build.0 = Release|Any CPU
		{046B54A6-B76B-4F29-AF14-AADE300B410B}.Release|x86.ActiveCfg = Release|Any CPU
		{046B54A6-B76B-4F29-AF14-AADE300B410B}.Release|x86.Build.0 = Release|Any CPU
		{BC95901E-01A5-47B1-8812-090A703A67FD}.Debug|Any CPU.ActiveCfg = Debug|Any CPU
		{BC95901E-01A5-47B1-8812-090A703A67FD}.Debug|Any CPU.Build.0 = Debug|Any CPU
		{BC95901E-01A5-47B1-8812-090A703A67FD}.Debug|x64.ActiveCfg = Debug|Any CPU
		{BC95901E-01A5-47B1-8812-090A703A67FD}.Debug|x64.Build.0 = Debug|Any CPU
		{BC95901E-01A5-47B1-8812-090A703A67FD}.Debug|x86.ActiveCfg = Debug|Any CPU
		{BC95901E-01A5-47B1-8812-090A703A67FD}.Debug|x86.Build.0 = Debug|Any CPU
		{BC95901E-01A5-47B1-8812-090A703A67FD}.Release|Any CPU.ActiveCfg = Release|Any CPU
		{BC95901E-01A5-47B1-8812-090A703A67FD}.Release|Any CPU.Build.0 = Release|Any CPU
		{BC95901E-01A5-47B1-8812-090A703A67FD}.Release|x64.ActiveCfg = Release|Any CPU
		{BC95901E-01A5-47B1-8812-090A703A67FD}.Release|x64.Build.0 = Release|Any CPU
		{BC95901E-01A5-47B1-8812-090A703A67FD}.Release|x86.ActiveCfg = Release|Any CPU
		{BC95901E-01A5-47B1-8812-090A703A67FD}.Release|x86.Build.0 = Release|Any CPU
		{0024A512-A88A-415D-99C2-FE7BA9EED092}.Debug|Any CPU.ActiveCfg = Debug|Any CPU
		{0024A512-A88A-415D-99C2-FE7BA9EED092}.Debug|Any CPU.Build.0 = Debug|Any CPU
		{0024A512-A88A-415D-99C2-FE7BA9EED092}.Debug|x64.ActiveCfg = Debug|Any CPU
		{0024A512-A88A-415D-99C2-FE7BA9EED092}.Debug|x64.Build.0 = Debug|Any CPU
		{0024A512-A88A-415D-99C2-FE7BA9EED092}.Debug|x86.ActiveCfg = Debug|Any CPU
		{0024A512-A88A-415D-99C2-FE7BA9EED092}.Debug|x86.Build.0 = Debug|Any CPU
		{0024A512-A88A-415D-99C2-FE7BA9EED092}.Release|Any CPU.ActiveCfg = Release|Any CPU
		{0024A512-A88A-415D-99C2-FE7BA9EED092}.Release|Any CPU.Build.0 = Release|Any CPU
		{0024A512-A88A-415D-99C2-FE7BA9EED092}.Release|x64.ActiveCfg = Release|Any CPU
		{0024A512-A88A-415D-99C2-FE7BA9EED092}.Release|x64.Build.0 = Release|Any CPU
		{0024A512-A88A-415D-99C2-FE7BA9EED092}.Release|x86.ActiveCfg = Release|Any CPU
		{0024A512-A88A-415D-99C2-FE7BA9EED092}.Release|x86.Build.0 = Release|Any CPU
		{1F71B81D-E5CF-46CD-8D36-0043CBE1B316}.Debug|Any CPU.ActiveCfg = Debug|Any CPU
		{1F71B81D-E5CF-46CD-8D36-0043CBE1B316}.Debug|Any CPU.Build.0 = Debug|Any CPU
		{1F71B81D-E5CF-46CD-8D36-0043CBE1B316}.Debug|x64.ActiveCfg = Debug|Any CPU
		{1F71B81D-E5CF-46CD-8D36-0043CBE1B316}.Debug|x64.Build.0 = Debug|Any CPU
		{1F71B81D-E5CF-46CD-8D36-0043CBE1B316}.Debug|x86.ActiveCfg = Debug|Any CPU
		{1F71B81D-E5CF-46CD-8D36-0043CBE1B316}.Debug|x86.Build.0 = Debug|Any CPU
		{1F71B81D-E5CF-46CD-8D36-0043CBE1B316}.Release|Any CPU.ActiveCfg = Release|Any CPU
		{1F71B81D-E5CF-46CD-8D36-0043CBE1B316}.Release|Any CPU.Build.0 = Release|Any CPU
		{1F71B81D-E5CF-46CD-8D36-0043CBE1B316}.Release|x64.ActiveCfg = Release|Any CPU
		{1F71B81D-E5CF-46CD-8D36-0043CBE1B316}.Release|x64.Build.0 = Release|Any CPU
		{1F71B81D-E5CF-46CD-8D36-0043CBE1B316}.Release|x86.ActiveCfg = Release|Any CPU
		{1F71B81D-E5CF-46CD-8D36-0043CBE1B316}.Release|x86.Build.0 = Release|Any CPU
		{D08823DA-80D3-47E5-A91A-DF6B97F6732D}.Debug|Any CPU.ActiveCfg = Debug|Any CPU
		{D08823DA-80D3-47E5-A91A-DF6B97F6732D}.Debug|Any CPU.Build.0 = Debug|Any CPU
		{D08823DA-80D3-47E5-A91A-DF6B97F6732D}.Debug|x64.ActiveCfg = Debug|Any CPU
		{D08823DA-80D3-47E5-A91A-DF6B97F6732D}.Debug|x64.Build.0 = Debug|Any CPU
		{D08823DA-80D3-47E5-A91A-DF6B97F6732D}.Debug|x86.ActiveCfg = Debug|Any CPU
		{D08823DA-80D3-47E5-A91A-DF6B97F6732D}.Debug|x86.Build.0 = Debug|Any CPU
		{D08823DA-80D3-47E5-A91A-DF6B97F6732D}.Release|Any CPU.ActiveCfg = Release|Any CPU
		{D08823DA-80D3-47E5-A91A-DF6B97F6732D}.Release|Any CPU.Build.0 = Release|Any CPU
		{D08823DA-80D3-47E5-A91A-DF6B97F6732D}.Release|x64.ActiveCfg = Release|Any CPU
		{D08823DA-80D3-47E5-A91A-DF6B97F6732D}.Release|x64.Build.0 = Release|Any CPU
		{D08823DA-80D3-47E5-A91A-DF6B97F6732D}.Release|x86.ActiveCfg = Release|Any CPU
		{D08823DA-80D3-47E5-A91A-DF6B97F6732D}.Release|x86.Build.0 = Release|Any CPU
	EndGlobalSection
	GlobalSection(SolutionProperties) = preSolution
		HideSolutionNode = FALSE
	EndGlobalSection
	GlobalSection(NestedProjects) = preSolution
		{AE7F1BCF-AAC1-46B3-B610-C8D02A9C0CCB} = {FD8F0C87-ED6C-498A-BE3A-B3B7F5B035C6}
		{9B2094D4-90AB-477F-8F90-06B2F635A9B3} = {FD8F0C87-ED6C-498A-BE3A-B3B7F5B035C6}
		{478C99C1-FCA5-40D6-BBE2-A3FDD33CC686} = {FD8F0C87-ED6C-498A-BE3A-B3B7F5B035C6}
		{8BDCF7C4-4592-4CD5-BAF5-6D6E00DE86A8} = {FD8F0C87-ED6C-498A-BE3A-B3B7F5B035C6}
		{B469EEBE-008C-4C95-A926-2E3BAF7E1996} = {FD8F0C87-ED6C-498A-BE3A-B3B7F5B035C6}
		{F7CD5EC0-F5DD-404A-A23D-57AF20013063} = {FD8F0C87-ED6C-498A-BE3A-B3B7F5B035C6}
		{E17F0F7C-E4FC-47BA-B40E-B9C986EF49B2} = {FD8F0C87-ED6C-498A-BE3A-B3B7F5B035C6}
		{A4C83020-D57E-4227-8157-78138AB60D4C} = {FD8F0C87-ED6C-498A-BE3A-B3B7F5B035C6}
		{71E48989-C6B8-4EAD-B6E7-09F366A8C160} = {FD8F0C87-ED6C-498A-BE3A-B3B7F5B035C6}
		{B2696F37-6A57-485E-887B-89A81FDD32B4} = {FD8F0C87-ED6C-498A-BE3A-B3B7F5B035C6}
		{158305F2-E21C-4AB2-A75E-DAE9A6F46379} = {FD8F0C87-ED6C-498A-BE3A-B3B7F5B035C6}
		{AE3E525A-3EC3-432A-89BC-94BDFD802A1A} = {FD8F0C87-ED6C-498A-BE3A-B3B7F5B035C6}
		{8048EE8D-2343-415D-B78B-824AE00B453C} = {FD8F0C87-ED6C-498A-BE3A-B3B7F5B035C6}
		{089D736A-C969-4649-82A7-01C0B1AAADE3} = {FD8F0C87-ED6C-498A-BE3A-B3B7F5B035C6}
		{C037A145-2BCC-4805-9A48-AD4B34C04A10} = {FD8F0C87-ED6C-498A-BE3A-B3B7F5B035C6}
		{046B54A6-B76B-4F29-AF14-AADE300B410B} = {FD8F0C87-ED6C-498A-BE3A-B3B7F5B035C6}
		{BC95901E-01A5-47B1-8812-090A703A67FD} = {FD8F0C87-ED6C-498A-BE3A-B3B7F5B035C6}
		{0024A512-A88A-415D-99C2-FE7BA9EED092} = {FD8F0C87-ED6C-498A-BE3A-B3B7F5B035C6}
		{1F71B81D-E5CF-46CD-8D36-0043CBE1B316} = {FD8F0C87-ED6C-498A-BE3A-B3B7F5B035C6}
	EndGlobalSection
	GlobalSection(ExtensibilityGlobals) = postSolution
		SolutionGuid = {7839B59F-A0C2-4484-BEC1-39F0DAEE8A8D}
	EndGlobalSection
EndGlobal
