
Microsoft Visual Studio Solution File, Format Version 12.00
# Visual Studio 15
VisualStudioVersion = 15.0.26730.16
MinimumVisualStudioVersion = 10.0.40219.1
Project("{FAE04EC0-301F-11D3-BF4B-00C04F79EFBC}") = "ConsoleApp4", "ConsoleApp4\ConsoleApp4.csproj", "{3854D42C-FBB7-4AA0-840D-89E2E6997DB5}"
EndProject
Project("{FAE04EC0-301F-11D3-BF4B-00C04F79EFBC}") = "Campy.Utils", "Campy.Utils\Campy.Utils.csproj", "{ED3C7742-647C-44F9-B64B-29866044A54A}"
EndProject
Project("{FAE04EC0-301F-11D3-BF4B-00C04F79EFBC}") = "Campy.Graphs", "Campy.Graphs\Campy.Graphs.csproj", "{A71CE04F-F0D2-46E0-BAE8-06CF1EA50F96}"
EndProject
Project("{FAE04EC0-301F-11D3-BF4B-00C04F79EFBC}") = "Campy.CFG", "Campy.LCFG\Campy.CFG.csproj", "{CED2299A-4F97-4FB7-BFA8-A61B50E9986D}"
EndProject
Project("{FAE04EC0-301F-11D3-BF4B-00C04F79EFBC}") = "Campy.Types.Utils", "Campy.Types.Utils\Campy.Types.Utils.csproj", "{D0D755A3-3DBD-4A1E-9515-F8F544D68D18}"
EndProject
Project("{FAE04EC0-301F-11D3-BF4B-00C04F79EFBC}") = "Campy.GraphAlgorithms", "Campy.GraphAlgorithms\Campy.GraphAlgorithms.csproj", "{CF1BC9EA-7789-48AB-8E0C-AE0969015A2F}"
EndProject
Project("{FAE04EC0-301F-11D3-BF4B-00C04F79EFBC}") = "Campy.Types", "Campy.Types\Campy.Types.csproj", "{528FBA1B-FF5F-493E-861D-E02A727F51AE}"
EndProject
Project("{FAE04EC0-301F-11D3-BF4B-00C04F79EFBC}") = "Campy", "Campy\Campy.csproj", "{453ABA79-5380-48A0-8C93-53A814977448}"
EndProject
Project("{FAE04EC0-301F-11D3-BF4B-00C04F79EFBC}") = "UnitTestProject1", "UnitTestProject1\UnitTestProject1.csproj", "{AE7F1BCF-AAC1-46B3-B610-C8D02A9C0CCB}"
EndProject
Project("{FAE04EC0-301F-11D3-BF4B-00C04F79EFBC}") = "UnitTestProject2", "UnitTestProject2\UnitTestProject2.csproj", "{9B2094D4-90AB-477F-8F90-06B2F635A9B3}"
EndProject
Project("{FAE04EC0-301F-11D3-BF4B-00C04F79EFBC}") = "UnitTestProject3", "UnitTestProject3\UnitTestProject3.csproj", "{478C99C1-FCA5-40D6-BBE2-A3FDD33CC686}"
EndProject
Project("{FAE04EC0-301F-11D3-BF4B-00C04F79EFBC}") = "UnitTestProject4", "UnitTestProject4\UnitTestProject4.csproj", "{8BDCF7C4-4592-4CD5-BAF5-6D6E00DE86A8}"
EndProject
Project("{2150E333-8FDC-42A3-9474-1A3956D46DE8}") = "Tests", "Tests", "{FD8F0C87-ED6C-498A-BE3A-B3B7F5B035C6}"
EndProject
Project("{FAE04EC0-301F-11D3-BF4B-00C04F79EFBC}") = "UnitTestProject5", "UnitTestProject5\UnitTestProject5.csproj", "{B469EEBE-008C-4C95-A926-2E3BAF7E1996}"
EndProject
Project("{FAE04EC0-301F-11D3-BF4B-00C04F79EFBC}") = "UnitTestProject6", "UnitTestProject6\UnitTestProject6.csproj", "{F7CD5EC0-F5DD-404A-A23D-57AF20013063}"
EndProject
Project("{FAE04EC0-301F-11D3-BF4B-00C04F79EFBC}") = "UnitTestProject7", "UnitTestProject7\UnitTestProject7.csproj", "{E17F0F7C-E4FC-47BA-B40E-B9C986EF49B2}"
EndProject
Global
	GlobalSection(SolutionConfigurationPlatforms) = preSolution
		Debug|Any CPU = Debug|Any CPU
		Debug|x64 = Debug|x64
		Debug|x86 = Debug|x86
		Release|Any CPU = Release|Any CPU
		Release|x64 = Release|x64
		Release|x86 = Release|x86
	EndGlobalSection
	GlobalSection(ProjectConfigurationPlatforms) = postSolution
		{3854D42C-FBB7-4AA0-840D-89E2E6997DB5}.Debug|Any CPU.ActiveCfg = Debug|Any CPU
		{3854D42C-FBB7-4AA0-840D-89E2E6997DB5}.Debug|Any CPU.Build.0 = Debug|Any CPU
		{3854D42C-FBB7-4AA0-840D-89E2E6997DB5}.Debug|x64.ActiveCfg = Debug|x64
		{3854D42C-FBB7-4AA0-840D-89E2E6997DB5}.Debug|x64.Build.0 = Debug|x64
		{3854D42C-FBB7-4AA0-840D-89E2E6997DB5}.Debug|x86.ActiveCfg = Debug|Any CPU
		{3854D42C-FBB7-4AA0-840D-89E2E6997DB5}.Debug|x86.Build.0 = Debug|Any CPU
		{3854D42C-FBB7-4AA0-840D-89E2E6997DB5}.Release|Any CPU.ActiveCfg = Release|Any CPU
		{3854D42C-FBB7-4AA0-840D-89E2E6997DB5}.Release|Any CPU.Build.0 = Release|Any CPU
		{3854D42C-FBB7-4AA0-840D-89E2E6997DB5}.Release|x64.ActiveCfg = Release|x64
		{3854D42C-FBB7-4AA0-840D-89E2E6997DB5}.Release|x64.Build.0 = Release|x64
		{3854D42C-FBB7-4AA0-840D-89E2E6997DB5}.Release|x86.ActiveCfg = Release|Any CPU
		{3854D42C-FBB7-4AA0-840D-89E2E6997DB5}.Release|x86.Build.0 = Release|Any CPU
		{ED3C7742-647C-44F9-B64B-29866044A54A}.Debug|Any CPU.ActiveCfg = Debug|Any CPU
		{ED3C7742-647C-44F9-B64B-29866044A54A}.Debug|Any CPU.Build.0 = Debug|Any CPU
		{ED3C7742-647C-44F9-B64B-29866044A54A}.Debug|x64.ActiveCfg = Debug|Any CPU
		{ED3C7742-647C-44F9-B64B-29866044A54A}.Debug|x64.Build.0 = Debug|Any CPU
		{ED3C7742-647C-44F9-B64B-29866044A54A}.Debug|x86.ActiveCfg = Debug|Any CPU
		{ED3C7742-647C-44F9-B64B-29866044A54A}.Debug|x86.Build.0 = Debug|Any CPU
		{ED3C7742-647C-44F9-B64B-29866044A54A}.Release|Any CPU.ActiveCfg = Release|Any CPU
		{ED3C7742-647C-44F9-B64B-29866044A54A}.Release|Any CPU.Build.0 = Release|Any CPU
		{ED3C7742-647C-44F9-B64B-29866044A54A}.Release|x64.ActiveCfg = Release|Any CPU
		{ED3C7742-647C-44F9-B64B-29866044A54A}.Release|x64.Build.0 = Release|Any CPU
		{ED3C7742-647C-44F9-B64B-29866044A54A}.Release|x86.ActiveCfg = Release|Any CPU
		{ED3C7742-647C-44F9-B64B-29866044A54A}.Release|x86.Build.0 = Release|Any CPU
		{A71CE04F-F0D2-46E0-BAE8-06CF1EA50F96}.Debug|Any CPU.ActiveCfg = Debug|Any CPU
		{A71CE04F-F0D2-46E0-BAE8-06CF1EA50F96}.Debug|Any CPU.Build.0 = Debug|Any CPU
		{A71CE04F-F0D2-46E0-BAE8-06CF1EA50F96}.Debug|x64.ActiveCfg = Debug|Any CPU
		{A71CE04F-F0D2-46E0-BAE8-06CF1EA50F96}.Debug|x64.Build.0 = Debug|Any CPU
		{A71CE04F-F0D2-46E0-BAE8-06CF1EA50F96}.Debug|x86.ActiveCfg = Debug|Any CPU
		{A71CE04F-F0D2-46E0-BAE8-06CF1EA50F96}.Debug|x86.Build.0 = Debug|Any CPU
		{A71CE04F-F0D2-46E0-BAE8-06CF1EA50F96}.Release|Any CPU.ActiveCfg = Release|Any CPU
		{A71CE04F-F0D2-46E0-BAE8-06CF1EA50F96}.Release|Any CPU.Build.0 = Release|Any CPU
		{A71CE04F-F0D2-46E0-BAE8-06CF1EA50F96}.Release|x64.ActiveCfg = Release|Any CPU
		{A71CE04F-F0D2-46E0-BAE8-06CF1EA50F96}.Release|x64.Build.0 = Release|Any CPU
		{A71CE04F-F0D2-46E0-BAE8-06CF1EA50F96}.Release|x86.ActiveCfg = Release|Any CPU
		{A71CE04F-F0D2-46E0-BAE8-06CF1EA50F96}.Release|x86.Build.0 = Release|Any CPU
		{CED2299A-4F97-4FB7-BFA8-A61B50E9986D}.Debug|Any CPU.ActiveCfg = Debug|Any CPU
		{CED2299A-4F97-4FB7-BFA8-A61B50E9986D}.Debug|Any CPU.Build.0 = Debug|Any CPU
		{CED2299A-4F97-4FB7-BFA8-A61B50E9986D}.Debug|x64.ActiveCfg = Debug|Any CPU
		{CED2299A-4F97-4FB7-BFA8-A61B50E9986D}.Debug|x64.Build.0 = Debug|Any CPU
		{CED2299A-4F97-4FB7-BFA8-A61B50E9986D}.Debug|x86.ActiveCfg = Debug|Any CPU
		{CED2299A-4F97-4FB7-BFA8-A61B50E9986D}.Debug|x86.Build.0 = Debug|Any CPU
		{CED2299A-4F97-4FB7-BFA8-A61B50E9986D}.Release|Any CPU.ActiveCfg = Release|Any CPU
		{CED2299A-4F97-4FB7-BFA8-A61B50E9986D}.Release|Any CPU.Build.0 = Release|Any CPU
		{CED2299A-4F97-4FB7-BFA8-A61B50E9986D}.Release|x64.ActiveCfg = Release|Any CPU
		{CED2299A-4F97-4FB7-BFA8-A61B50E9986D}.Release|x64.Build.0 = Release|Any CPU
		{CED2299A-4F97-4FB7-BFA8-A61B50E9986D}.Release|x86.ActiveCfg = Release|Any CPU
		{CED2299A-4F97-4FB7-BFA8-A61B50E9986D}.Release|x86.Build.0 = Release|Any CPU
		{D0D755A3-3DBD-4A1E-9515-F8F544D68D18}.Debug|Any CPU.ActiveCfg = Debug|Any CPU
		{D0D755A3-3DBD-4A1E-9515-F8F544D68D18}.Debug|Any CPU.Build.0 = Debug|Any CPU
		{D0D755A3-3DBD-4A1E-9515-F8F544D68D18}.Debug|x64.ActiveCfg = Debug|Any CPU
		{D0D755A3-3DBD-4A1E-9515-F8F544D68D18}.Debug|x64.Build.0 = Debug|Any CPU
		{D0D755A3-3DBD-4A1E-9515-F8F544D68D18}.Debug|x86.ActiveCfg = Debug|Any CPU
		{D0D755A3-3DBD-4A1E-9515-F8F544D68D18}.Debug|x86.Build.0 = Debug|Any CPU
		{D0D755A3-3DBD-4A1E-9515-F8F544D68D18}.Release|Any CPU.ActiveCfg = Release|Any CPU
		{D0D755A3-3DBD-4A1E-9515-F8F544D68D18}.Release|Any CPU.Build.0 = Release|Any CPU
		{D0D755A3-3DBD-4A1E-9515-F8F544D68D18}.Release|x64.ActiveCfg = Release|Any CPU
		{D0D755A3-3DBD-4A1E-9515-F8F544D68D18}.Release|x64.Build.0 = Release|Any CPU
		{D0D755A3-3DBD-4A1E-9515-F8F544D68D18}.Release|x86.ActiveCfg = Release|Any CPU
		{D0D755A3-3DBD-4A1E-9515-F8F544D68D18}.Release|x86.Build.0 = Release|Any CPU
		{CF1BC9EA-7789-48AB-8E0C-AE0969015A2F}.Debug|Any CPU.ActiveCfg = Debug|Any CPU
		{CF1BC9EA-7789-48AB-8E0C-AE0969015A2F}.Debug|Any CPU.Build.0 = Debug|Any CPU
		{CF1BC9EA-7789-48AB-8E0C-AE0969015A2F}.Debug|x64.ActiveCfg = Debug|Any CPU
		{CF1BC9EA-7789-48AB-8E0C-AE0969015A2F}.Debug|x64.Build.0 = Debug|Any CPU
		{CF1BC9EA-7789-48AB-8E0C-AE0969015A2F}.Debug|x86.ActiveCfg = Debug|Any CPU
		{CF1BC9EA-7789-48AB-8E0C-AE0969015A2F}.Debug|x86.Build.0 = Debug|Any CPU
		{CF1BC9EA-7789-48AB-8E0C-AE0969015A2F}.Release|Any CPU.ActiveCfg = Release|Any CPU
		{CF1BC9EA-7789-48AB-8E0C-AE0969015A2F}.Release|Any CPU.Build.0 = Release|Any CPU
		{CF1BC9EA-7789-48AB-8E0C-AE0969015A2F}.Release|x64.ActiveCfg = Release|Any CPU
		{CF1BC9EA-7789-48AB-8E0C-AE0969015A2F}.Release|x64.Build.0 = Release|Any CPU
		{CF1BC9EA-7789-48AB-8E0C-AE0969015A2F}.Release|x86.ActiveCfg = Release|Any CPU
		{CF1BC9EA-7789-48AB-8E0C-AE0969015A2F}.Release|x86.Build.0 = Release|Any CPU
		{528FBA1B-FF5F-493E-861D-E02A727F51AE}.Debug|Any CPU.ActiveCfg = Debug|Any CPU
		{528FBA1B-FF5F-493E-861D-E02A727F51AE}.Debug|Any CPU.Build.0 = Debug|Any CPU
		{528FBA1B-FF5F-493E-861D-E02A727F51AE}.Debug|x64.ActiveCfg = Debug|Any CPU
		{528FBA1B-FF5F-493E-861D-E02A727F51AE}.Debug|x64.Build.0 = Debug|Any CPU
		{528FBA1B-FF5F-493E-861D-E02A727F51AE}.Debug|x86.ActiveCfg = Debug|Any CPU
		{528FBA1B-FF5F-493E-861D-E02A727F51AE}.Debug|x86.Build.0 = Debug|Any CPU
		{528FBA1B-FF5F-493E-861D-E02A727F51AE}.Release|Any CPU.ActiveCfg = Release|Any CPU
		{528FBA1B-FF5F-493E-861D-E02A727F51AE}.Release|Any CPU.Build.0 = Release|Any CPU
		{528FBA1B-FF5F-493E-861D-E02A727F51AE}.Release|x64.ActiveCfg = Release|Any CPU
		{528FBA1B-FF5F-493E-861D-E02A727F51AE}.Release|x64.Build.0 = Release|Any CPU
		{528FBA1B-FF5F-493E-861D-E02A727F51AE}.Release|x86.ActiveCfg = Release|Any CPU
		{528FBA1B-FF5F-493E-861D-E02A727F51AE}.Release|x86.Build.0 = Release|Any CPU
		{453ABA79-5380-48A0-8C93-53A814977448}.Debug|Any CPU.ActiveCfg = Debug|Any CPU
		{453ABA79-5380-48A0-8C93-53A814977448}.Debug|Any CPU.Build.0 = Debug|Any CPU
		{453ABA79-5380-48A0-8C93-53A814977448}.Debug|x64.ActiveCfg = Debug|Any CPU
		{453ABA79-5380-48A0-8C93-53A814977448}.Debug|x64.Build.0 = Debug|Any CPU
		{453ABA79-5380-48A0-8C93-53A814977448}.Debug|x86.ActiveCfg = Debug|Any CPU
		{453ABA79-5380-48A0-8C93-53A814977448}.Debug|x86.Build.0 = Debug|Any CPU
		{453ABA79-5380-48A0-8C93-53A814977448}.Release|Any CPU.ActiveCfg = Release|Any CPU
		{453ABA79-5380-48A0-8C93-53A814977448}.Release|Any CPU.Build.0 = Release|Any CPU
		{453ABA79-5380-48A0-8C93-53A814977448}.Release|x64.ActiveCfg = Release|Any CPU
		{453ABA79-5380-48A0-8C93-53A814977448}.Release|x64.Build.0 = Release|Any CPU
		{453ABA79-5380-48A0-8C93-53A814977448}.Release|x86.ActiveCfg = Release|Any CPU
		{453ABA79-5380-48A0-8C93-53A814977448}.Release|x86.Build.0 = Release|Any CPU
		{AE7F1BCF-AAC1-46B3-B610-C8D02A9C0CCB}.Debug|Any CPU.ActiveCfg = Debug|Any CPU
		{AE7F1BCF-AAC1-46B3-B610-C8D02A9C0CCB}.Debug|Any CPU.Build.0 = Debug|Any CPU
		{AE7F1BCF-AAC1-46B3-B610-C8D02A9C0CCB}.Debug|x64.ActiveCfg = Debug|Any CPU
		{AE7F1BCF-AAC1-46B3-B610-C8D02A9C0CCB}.Debug|x64.Build.0 = Debug|Any CPU
		{AE7F1BCF-AAC1-46B3-B610-C8D02A9C0CCB}.Debug|x86.ActiveCfg = Debug|Any CPU
		{AE7F1BCF-AAC1-46B3-B610-C8D02A9C0CCB}.Debug|x86.Build.0 = Debug|Any CPU
		{AE7F1BCF-AAC1-46B3-B610-C8D02A9C0CCB}.Release|Any CPU.ActiveCfg = Release|Any CPU
		{AE7F1BCF-AAC1-46B3-B610-C8D02A9C0CCB}.Release|Any CPU.Build.0 = Release|Any CPU
		{AE7F1BCF-AAC1-46B3-B610-C8D02A9C0CCB}.Release|x64.ActiveCfg = Release|Any CPU
		{AE7F1BCF-AAC1-46B3-B610-C8D02A9C0CCB}.Release|x64.Build.0 = Release|Any CPU
		{AE7F1BCF-AAC1-46B3-B610-C8D02A9C0CCB}.Release|x86.ActiveCfg = Release|Any CPU
		{AE7F1BCF-AAC1-46B3-B610-C8D02A9C0CCB}.Release|x86.Build.0 = Release|Any CPU
		{9B2094D4-90AB-477F-8F90-06B2F635A9B3}.Debug|Any CPU.ActiveCfg = Debug|Any CPU
		{9B2094D4-90AB-477F-8F90-06B2F635A9B3}.Debug|Any CPU.Build.0 = Debug|Any CPU
		{9B2094D4-90AB-477F-8F90-06B2F635A9B3}.Debug|x64.ActiveCfg = Debug|Any CPU
		{9B2094D4-90AB-477F-8F90-06B2F635A9B3}.Debug|x64.Build.0 = Debug|Any CPU
		{9B2094D4-90AB-477F-8F90-06B2F635A9B3}.Debug|x86.ActiveCfg = Debug|Any CPU
		{9B2094D4-90AB-477F-8F90-06B2F635A9B3}.Debug|x86.Build.0 = Debug|Any CPU
		{9B2094D4-90AB-477F-8F90-06B2F635A9B3}.Release|Any CPU.ActiveCfg = Release|Any CPU
		{9B2094D4-90AB-477F-8F90-06B2F635A9B3}.Release|Any CPU.Build.0 = Release|Any CPU
		{9B2094D4-90AB-477F-8F90-06B2F635A9B3}.Release|x64.ActiveCfg = Release|Any CPU
		{9B2094D4-90AB-477F-8F90-06B2F635A9B3}.Release|x64.Build.0 = Release|Any CPU
		{9B2094D4-90AB-477F-8F90-06B2F635A9B3}.Release|x86.ActiveCfg = Release|Any CPU
		{9B2094D4-90AB-477F-8F90-06B2F635A9B3}.Release|x86.Build.0 = Release|Any CPU
		{478C99C1-FCA5-40D6-BBE2-A3FDD33CC686}.Debug|Any CPU.ActiveCfg = Debug|Any CPU
		{478C99C1-FCA5-40D6-BBE2-A3FDD33CC686}.Debug|Any CPU.Build.0 = Debug|Any CPU
		{478C99C1-FCA5-40D6-BBE2-A3FDD33CC686}.Debug|x64.ActiveCfg = Debug|Any CPU
		{478C99C1-FCA5-40D6-BBE2-A3FDD33CC686}.Debug|x64.Build.0 = Debug|Any CPU
		{478C99C1-FCA5-40D6-BBE2-A3FDD33CC686}.Debug|x86.ActiveCfg = Debug|Any CPU
		{478C99C1-FCA5-40D6-BBE2-A3FDD33CC686}.Debug|x86.Build.0 = Debug|Any CPU
		{478C99C1-FCA5-40D6-BBE2-A3FDD33CC686}.Release|Any CPU.ActiveCfg = Release|Any CPU
		{478C99C1-FCA5-40D6-BBE2-A3FDD33CC686}.Release|Any CPU.Build.0 = Release|Any CPU
		{478C99C1-FCA5-40D6-BBE2-A3FDD33CC686}.Release|x64.ActiveCfg = Release|Any CPU
		{478C99C1-FCA5-40D6-BBE2-A3FDD33CC686}.Release|x64.Build.0 = Release|Any CPU
		{478C99C1-FCA5-40D6-BBE2-A3FDD33CC686}.Release|x86.ActiveCfg = Release|Any CPU
		{478C99C1-FCA5-40D6-BBE2-A3FDD33CC686}.Release|x86.Build.0 = Release|Any CPU
		{8BDCF7C4-4592-4CD5-BAF5-6D6E00DE86A8}.Debug|Any CPU.ActiveCfg = Debug|Any CPU
		{8BDCF7C4-4592-4CD5-BAF5-6D6E00DE86A8}.Debug|Any CPU.Build.0 = Debug|Any CPU
		{8BDCF7C4-4592-4CD5-BAF5-6D6E00DE86A8}.Debug|x64.ActiveCfg = Debug|Any CPU
		{8BDCF7C4-4592-4CD5-BAF5-6D6E00DE86A8}.Debug|x64.Build.0 = Debug|Any CPU
		{8BDCF7C4-4592-4CD5-BAF5-6D6E00DE86A8}.Debug|x86.ActiveCfg = Debug|Any CPU
		{8BDCF7C4-4592-4CD5-BAF5-6D6E00DE86A8}.Debug|x86.Build.0 = Debug|Any CPU
		{8BDCF7C4-4592-4CD5-BAF5-6D6E00DE86A8}.Release|Any CPU.ActiveCfg = Release|Any CPU
		{8BDCF7C4-4592-4CD5-BAF5-6D6E00DE86A8}.Release|Any CPU.Build.0 = Release|Any CPU
		{8BDCF7C4-4592-4CD5-BAF5-6D6E00DE86A8}.Release|x64.ActiveCfg = Release|Any CPU
		{8BDCF7C4-4592-4CD5-BAF5-6D6E00DE86A8}.Release|x64.Build.0 = Release|Any CPU
		{8BDCF7C4-4592-4CD5-BAF5-6D6E00DE86A8}.Release|x86.ActiveCfg = Release|Any CPU
		{8BDCF7C4-4592-4CD5-BAF5-6D6E00DE86A8}.Release|x86.Build.0 = Release|Any CPU
		{B469EEBE-008C-4C95-A926-2E3BAF7E1996}.Debug|Any CPU.ActiveCfg = Debug|Any CPU
		{B469EEBE-008C-4C95-A926-2E3BAF7E1996}.Debug|Any CPU.Build.0 = Debug|Any CPU
		{B469EEBE-008C-4C95-A926-2E3BAF7E1996}.Debug|x64.ActiveCfg = Debug|Any CPU
		{B469EEBE-008C-4C95-A926-2E3BAF7E1996}.Debug|x64.Build.0 = Debug|Any CPU
		{B469EEBE-008C-4C95-A926-2E3BAF7E1996}.Debug|x86.ActiveCfg = Debug|Any CPU
		{B469EEBE-008C-4C95-A926-2E3BAF7E1996}.Debug|x86.Build.0 = Debug|Any CPU
		{B469EEBE-008C-4C95-A926-2E3BAF7E1996}.Release|Any CPU.ActiveCfg = Release|Any CPU
		{B469EEBE-008C-4C95-A926-2E3BAF7E1996}.Release|Any CPU.Build.0 = Release|Any CPU
		{B469EEBE-008C-4C95-A926-2E3BAF7E1996}.Release|x64.ActiveCfg = Release|Any CPU
		{B469EEBE-008C-4C95-A926-2E3BAF7E1996}.Release|x64.Build.0 = Release|Any CPU
		{B469EEBE-008C-4C95-A926-2E3BAF7E1996}.Release|x86.ActiveCfg = Release|Any CPU
		{B469EEBE-008C-4C95-A926-2E3BAF7E1996}.Release|x86.Build.0 = Release|Any CPU
		{F7CD5EC0-F5DD-404A-A23D-57AF20013063}.Debug|Any CPU.ActiveCfg = Debug|Any CPU
		{F7CD5EC0-F5DD-404A-A23D-57AF20013063}.Debug|Any CPU.Build.0 = Debug|Any CPU
		{F7CD5EC0-F5DD-404A-A23D-57AF20013063}.Debug|x64.ActiveCfg = Debug|Any CPU
		{F7CD5EC0-F5DD-404A-A23D-57AF20013063}.Debug|x64.Build.0 = Debug|Any CPU
		{F7CD5EC0-F5DD-404A-A23D-57AF20013063}.Debug|x86.ActiveCfg = Debug|Any CPU
		{F7CD5EC0-F5DD-404A-A23D-57AF20013063}.Debug|x86.Build.0 = Debug|Any CPU
		{F7CD5EC0-F5DD-404A-A23D-57AF20013063}.Release|Any CPU.ActiveCfg = Release|Any CPU
		{F7CD5EC0-F5DD-404A-A23D-57AF20013063}.Release|Any CPU.Build.0 = Release|Any CPU
		{F7CD5EC0-F5DD-404A-A23D-57AF20013063}.Release|x64.ActiveCfg = Release|Any CPU
		{F7CD5EC0-F5DD-404A-A23D-57AF20013063}.Release|x64.Build.0 = Release|Any CPU
		{F7CD5EC0-F5DD-404A-A23D-57AF20013063}.Release|x86.ActiveCfg = Release|Any CPU
		{F7CD5EC0-F5DD-404A-A23D-57AF20013063}.Release|x86.Build.0 = Release|Any CPU
		{E17F0F7C-E4FC-47BA-B40E-B9C986EF49B2}.Debug|Any CPU.ActiveCfg = Debug|Any CPU
		{E17F0F7C-E4FC-47BA-B40E-B9C986EF49B2}.Debug|Any CPU.Build.0 = Debug|Any CPU
		{E17F0F7C-E4FC-47BA-B40E-B9C986EF49B2}.Debug|x64.ActiveCfg = Debug|Any CPU
		{E17F0F7C-E4FC-47BA-B40E-B9C986EF49B2}.Debug|x64.Build.0 = Debug|Any CPU
		{E17F0F7C-E4FC-47BA-B40E-B9C986EF49B2}.Debug|x86.ActiveCfg = Debug|Any CPU
		{E17F0F7C-E4FC-47BA-B40E-B9C986EF49B2}.Debug|x86.Build.0 = Debug|Any CPU
		{E17F0F7C-E4FC-47BA-B40E-B9C986EF49B2}.Release|Any CPU.ActiveCfg = Release|Any CPU
		{E17F0F7C-E4FC-47BA-B40E-B9C986EF49B2}.Release|Any CPU.Build.0 = Release|Any CPU
		{E17F0F7C-E4FC-47BA-B40E-B9C986EF49B2}.Release|x64.ActiveCfg = Release|Any CPU
		{E17F0F7C-E4FC-47BA-B40E-B9C986EF49B2}.Release|x64.Build.0 = Release|Any CPU
		{E17F0F7C-E4FC-47BA-B40E-B9C986EF49B2}.Release|x86.ActiveCfg = Release|Any CPU
		{E17F0F7C-E4FC-47BA-B40E-B9C986EF49B2}.Release|x86.Build.0 = Release|Any CPU
	EndGlobalSection
	GlobalSection(SolutionProperties) = preSolution
		HideSolutionNode = FALSE
	EndGlobalSection
	GlobalSection(NestedProjects) = preSolution
		{AE7F1BCF-AAC1-46B3-B610-C8D02A9C0CCB} = {FD8F0C87-ED6C-498A-BE3A-B3B7F5B035C6}
		{9B2094D4-90AB-477F-8F90-06B2F635A9B3} = {FD8F0C87-ED6C-498A-BE3A-B3B7F5B035C6}
		{478C99C1-FCA5-40D6-BBE2-A3FDD33CC686} = {FD8F0C87-ED6C-498A-BE3A-B3B7F5B035C6}
		{8BDCF7C4-4592-4CD5-BAF5-6D6E00DE86A8} = {FD8F0C87-ED6C-498A-BE3A-B3B7F5B035C6}
		{B469EEBE-008C-4C95-A926-2E3BAF7E1996} = {FD8F0C87-ED6C-498A-BE3A-B3B7F5B035C6}
		{F7CD5EC0-F5DD-404A-A23D-57AF20013063} = {FD8F0C87-ED6C-498A-BE3A-B3B7F5B035C6}
		{E17F0F7C-E4FC-47BA-B40E-B9C986EF49B2} = {FD8F0C87-ED6C-498A-BE3A-B3B7F5B035C6}
	EndGlobalSection
	GlobalSection(ExtensibilityGlobals) = postSolution
		SolutionGuid = {7839B59F-A0C2-4484-BEC1-39F0DAEE8A8D}
	EndGlobalSection
EndGlobal
