
Microsoft Visual Studio Solution File, Format Version 12.00
# Visual Studio 15
VisualStudioVersion = 15.0.27004.2005
MinimumVisualStudioVersion = 10.0.40219.1
Project("{9A19103F-16F7-4668-BE54-9A1E7A4F7556}") = "corlib", "corlib\corlib.csproj", "{6A77A7C0-FB66-4CAA-94EE-142DBA20655D}"
EndProject
Global
	GlobalSection(SolutionConfigurationPlatforms) = preSolution
		Debug|Any CPU = Debug|Any CPU
		LocalTest|Any CPU = LocalTest|Any CPU
		Release|Any CPU = Release|Any CPU
	EndGlobalSection
	GlobalSection(ProjectConfigurationPlatforms) = postSolution
		{6A77A7C0-FB66-4CAA-94EE-142DBA20655D}.Debug|Any CPU.ActiveCfg = Debug|Any CPU
		{6A77A7C0-FB66-4CAA-94EE-142DBA20655D}.Debug|Any CPU.Build.0 = Debug|Any CPU
		{6A77A7C0-FB66-4CAA-94EE-142DBA20655D}.LocalTest|Any CPU.ActiveCfg = Release|Any CPU
		{6A77A7C0-FB66-4CAA-94EE-142DBA20655D}.LocalTest|Any CPU.Build.0 = Release|Any CPU
		{6A77A7C0-FB66-4CAA-94EE-142DBA20655D}.Release|Any CPU.ActiveCfg = Release|Any CPU
		{6A77A7C0-FB66-4CAA-94EE-142DBA20655D}.Release|Any CPU.Build.0 = Release|Any CPU
	EndGlobalSection
	GlobalSection(SolutionProperties) = preSolution
		HideSolutionNode = FALSE
	EndGlobalSection
	GlobalSection(ExtensibilityGlobals) = postSolution
		SolutionGuid = {2E10DFCA-4117-40EB-887B-78C62917B412}
	EndGlobalSection
EndGlobal
